
Microsoft Visual Studio Solution File, Format Version 12.00
# Visual Studio Version 16
VisualStudioVersion = 16.0.28803.352
MinimumVisualStudioVersion = 15.0.26124.0
Project("{2150E333-8FDC-42A3-9474-1A3956D46DE8}") = "test", "test", "{920963F4-8205-4A1E-8ED3-9467B5D94794}"
EndProject
Project("{2150E333-8FDC-42A3-9474-1A3956D46DE8}") = "app", "app", "{8BB4C4E1-0E14-46FD-9BF5-28D8A629A8E7}"
EndProject
Project("{2150E333-8FDC-42A3-9474-1A3956D46DE8}") = "lib", "lib", "{4743D69C-2D08-44CE-93DE-D00692C18D82}"
EndProject
Project("{9A19103F-16F7-4668-BE54-9A1E7A4F7556}") = "test", "test\test.csproj", "{A44E5DA7-B374-4A67-89C0-DD73FE2EE3E3}"
EndProject
Project("{2150E333-8FDC-42A3-9474-1A3956D46DE8}") = "script", "script", "{7B748A36-C415-494D-B3BD-B6A78EEF8737}"
	ProjectSection(SolutionItems) = preProject
		script\AutoHotkey.csx = script\AutoHotkey.csx
	EndProjectSection
EndProject
Project("{9A19103F-16F7-4668-BE54-9A1E7A4F7556}") = "Metaseed.WindowsInput", "lib\Metaseed.WindowsInput\Metaseed.WindowsInput.csproj", "{3549CD6F-80F8-450F-B99E-CF0A736B1F2A}"
EndProject
Project("{9A19103F-16F7-4668-BE54-9A1E7A4F7556}") = "Metaseed.MetaKey", "lib\Metaseed.MetaKey\Metaseed.MetaKey.csproj", "{9D1FC5BF-0B54-4BBF-B692-A2573B9CB110}"
EndProject
Project("{9A19103F-16F7-4668-BE54-9A1E7A4F7556}") = "Metaseed.Input", "lib\Metaseed.InputHook\Metaseed.Input.csproj", "{112272BB-9A8E-4CFE-94AC-5AEC9446EFF7}"
EndProject
Project("{9A19103F-16F7-4668-BE54-9A1E7A4F7556}") = "Metaseed.MouseKeyHook", "lib\Metaseed.MouseKeyHook\Metaseed.MouseKeyHook.csproj", "{F00B3040-C762-4B24-B660-6590A32DC874}"
EndProject
Project("{9A19103F-16F7-4668-BE54-9A1E7A4F7556}") = "Metaseed.UI", "lib\Metaseed.UI\Metaseed.UI.csproj", "{C27433DC-E694-4632-88E1-630190F8C813}"
EndProject
Project("{9A19103F-16F7-4668-BE54-9A1E7A4F7556}") = "Metaseed.MetaKeyboard", "app\Metaseed.MetaKeyboard\Metaseed.MetaKeyboard.csproj", "{19F097F9-0E7A-4CF2-BA5A-E8D2612F503C}"
EndProject
Project("{2150E333-8FDC-42A3-9474-1A3956D46DE8}") = "Solution Items", "Solution Items", "{715E3AF6-16D3-40D9-81FA-80D14F9BAE6D}"
	ProjectSection(SolutionItems) = preProject
		..\readme.md = ..\readme.md
	EndProjectSection
EndProject
Project("{9A19103F-16F7-4668-BE54-9A1E7A4F7556}") = "Metaseed.NotifyIcon", "lib\Metadeed.NotifyIcon\Metaseed.NotifyIcon.csproj", "{6AF01947-3342-462E-85B3-611036495360}"
EndProject
Project("{9A19103F-16F7-4668-BE54-9A1E7A4F7556}") = "Metaseed.Clipboard", "lib\Metaseed.Clipboard\Metaseed.Clipboard.csproj", "{417EA08E-34CC-41C0-A535-42C885C5B0E7}"
EndProject
Project("{9A19103F-16F7-4668-BE54-9A1E7A4F7556}") = "Metaseed.Core", "lib\Metaseed.Core\Metaseed.Core.csproj", "{6F0C44CE-998B-40C4-9399-85014FD61AEA}"
EndProject
Project("{9A19103F-16F7-4668-BE54-9A1E7A4F7556}") = "Metaseed.ScreenPoint", "lib\Metaseed.ScreenPoint\Metaseed.ScreenPoint.csproj", "{B259D988-1B8A-45E0-8CD4-F951474BD1A5}"
EndProject
Global
	GlobalSection(SolutionConfigurationPlatforms) = preSolution
		Debug|Any CPU = Debug|Any CPU
		Debug|x64 = Debug|x64
		Debug|x86 = Debug|x86
		Release|Any CPU = Release|Any CPU
		Release|x64 = Release|x64
		Release|x86 = Release|x86
	EndGlobalSection
	GlobalSection(ProjectConfigurationPlatforms) = postSolution
		{A44E5DA7-B374-4A67-89C0-DD73FE2EE3E3}.Debug|Any CPU.ActiveCfg = Debug|Any CPU
		{A44E5DA7-B374-4A67-89C0-DD73FE2EE3E3}.Debug|Any CPU.Build.0 = Debug|Any CPU
		{A44E5DA7-B374-4A67-89C0-DD73FE2EE3E3}.Debug|x64.ActiveCfg = Debug|Any CPU
		{A44E5DA7-B374-4A67-89C0-DD73FE2EE3E3}.Debug|x64.Build.0 = Debug|Any CPU
		{A44E5DA7-B374-4A67-89C0-DD73FE2EE3E3}.Debug|x86.ActiveCfg = Debug|Any CPU
		{A44E5DA7-B374-4A67-89C0-DD73FE2EE3E3}.Debug|x86.Build.0 = Debug|Any CPU
		{A44E5DA7-B374-4A67-89C0-DD73FE2EE3E3}.Release|Any CPU.ActiveCfg = Release|Any CPU
		{A44E5DA7-B374-4A67-89C0-DD73FE2EE3E3}.Release|Any CPU.Build.0 = Release|Any CPU
		{A44E5DA7-B374-4A67-89C0-DD73FE2EE3E3}.Release|x64.ActiveCfg = Release|Any CPU
		{A44E5DA7-B374-4A67-89C0-DD73FE2EE3E3}.Release|x64.Build.0 = Release|Any CPU
		{A44E5DA7-B374-4A67-89C0-DD73FE2EE3E3}.Release|x86.ActiveCfg = Release|Any CPU
		{A44E5DA7-B374-4A67-89C0-DD73FE2EE3E3}.Release|x86.Build.0 = Release|Any CPU
		{3549CD6F-80F8-450F-B99E-CF0A736B1F2A}.Debug|Any CPU.ActiveCfg = Debug|Any CPU
		{3549CD6F-80F8-450F-B99E-CF0A736B1F2A}.Debug|Any CPU.Build.0 = Debug|Any CPU
		{3549CD6F-80F8-450F-B99E-CF0A736B1F2A}.Debug|x64.ActiveCfg = Debug|Any CPU
		{3549CD6F-80F8-450F-B99E-CF0A736B1F2A}.Debug|x64.Build.0 = Debug|Any CPU
		{3549CD6F-80F8-450F-B99E-CF0A736B1F2A}.Debug|x86.ActiveCfg = Debug|Any CPU
		{3549CD6F-80F8-450F-B99E-CF0A736B1F2A}.Debug|x86.Build.0 = Debug|Any CPU
		{3549CD6F-80F8-450F-B99E-CF0A736B1F2A}.Release|Any CPU.ActiveCfg = Release|Any CPU
		{3549CD6F-80F8-450F-B99E-CF0A736B1F2A}.Release|Any CPU.Build.0 = Release|Any CPU
		{3549CD6F-80F8-450F-B99E-CF0A736B1F2A}.Release|x64.ActiveCfg = Release|Any CPU
		{3549CD6F-80F8-450F-B99E-CF0A736B1F2A}.Release|x64.Build.0 = Release|Any CPU
		{3549CD6F-80F8-450F-B99E-CF0A736B1F2A}.Release|x86.ActiveCfg = Release|Any CPU
		{3549CD6F-80F8-450F-B99E-CF0A736B1F2A}.Release|x86.Build.0 = Release|Any CPU
		{9D1FC5BF-0B54-4BBF-B692-A2573B9CB110}.Debug|Any CPU.ActiveCfg = Debug|Any CPU
		{9D1FC5BF-0B54-4BBF-B692-A2573B9CB110}.Debug|Any CPU.Build.0 = Debug|Any CPU
		{9D1FC5BF-0B54-4BBF-B692-A2573B9CB110}.Debug|x64.ActiveCfg = Debug|Any CPU
		{9D1FC5BF-0B54-4BBF-B692-A2573B9CB110}.Debug|x64.Build.0 = Debug|Any CPU
		{9D1FC5BF-0B54-4BBF-B692-A2573B9CB110}.Debug|x86.ActiveCfg = Debug|Any CPU
		{9D1FC5BF-0B54-4BBF-B692-A2573B9CB110}.Debug|x86.Build.0 = Debug|Any CPU
		{9D1FC5BF-0B54-4BBF-B692-A2573B9CB110}.Release|Any CPU.ActiveCfg = Release|Any CPU
		{9D1FC5BF-0B54-4BBF-B692-A2573B9CB110}.Release|Any CPU.Build.0 = Release|Any CPU
		{9D1FC5BF-0B54-4BBF-B692-A2573B9CB110}.Release|x64.ActiveCfg = Release|Any CPU
		{9D1FC5BF-0B54-4BBF-B692-A2573B9CB110}.Release|x64.Build.0 = Release|Any CPU
		{9D1FC5BF-0B54-4BBF-B692-A2573B9CB110}.Release|x86.ActiveCfg = Release|Any CPU
		{9D1FC5BF-0B54-4BBF-B692-A2573B9CB110}.Release|x86.Build.0 = Release|Any CPU
		{112272BB-9A8E-4CFE-94AC-5AEC9446EFF7}.Debug|Any CPU.ActiveCfg = Debug|Any CPU
		{112272BB-9A8E-4CFE-94AC-5AEC9446EFF7}.Debug|Any CPU.Build.0 = Debug|Any CPU
		{112272BB-9A8E-4CFE-94AC-5AEC9446EFF7}.Debug|x64.ActiveCfg = Debug|Any CPU
		{112272BB-9A8E-4CFE-94AC-5AEC9446EFF7}.Debug|x64.Build.0 = Debug|Any CPU
		{112272BB-9A8E-4CFE-94AC-5AEC9446EFF7}.Debug|x86.ActiveCfg = Debug|Any CPU
		{112272BB-9A8E-4CFE-94AC-5AEC9446EFF7}.Debug|x86.Build.0 = Debug|Any CPU
		{112272BB-9A8E-4CFE-94AC-5AEC9446EFF7}.Release|Any CPU.ActiveCfg = Release|Any CPU
		{112272BB-9A8E-4CFE-94AC-5AEC9446EFF7}.Release|Any CPU.Build.0 = Release|Any CPU
		{112272BB-9A8E-4CFE-94AC-5AEC9446EFF7}.Release|x64.ActiveCfg = Release|Any CPU
		{112272BB-9A8E-4CFE-94AC-5AEC9446EFF7}.Release|x64.Build.0 = Release|Any CPU
		{112272BB-9A8E-4CFE-94AC-5AEC9446EFF7}.Release|x86.ActiveCfg = Release|Any CPU
		{112272BB-9A8E-4CFE-94AC-5AEC9446EFF7}.Release|x86.Build.0 = Release|Any CPU
		{F00B3040-C762-4B24-B660-6590A32DC874}.Debug|Any CPU.ActiveCfg = Debug|Any CPU
		{F00B3040-C762-4B24-B660-6590A32DC874}.Debug|Any CPU.Build.0 = Debug|Any CPU
		{F00B3040-C762-4B24-B660-6590A32DC874}.Debug|x64.ActiveCfg = Debug|Any CPU
		{F00B3040-C762-4B24-B660-6590A32DC874}.Debug|x64.Build.0 = Debug|Any CPU
		{F00B3040-C762-4B24-B660-6590A32DC874}.Debug|x86.ActiveCfg = Debug|Any CPU
		{F00B3040-C762-4B24-B660-6590A32DC874}.Debug|x86.Build.0 = Debug|Any CPU
		{F00B3040-C762-4B24-B660-6590A32DC874}.Release|Any CPU.ActiveCfg = Release|Any CPU
		{F00B3040-C762-4B24-B660-6590A32DC874}.Release|Any CPU.Build.0 = Release|Any CPU
		{F00B3040-C762-4B24-B660-6590A32DC874}.Release|x64.ActiveCfg = Release|Any CPU
		{F00B3040-C762-4B24-B660-6590A32DC874}.Release|x64.Build.0 = Release|Any CPU
		{F00B3040-C762-4B24-B660-6590A32DC874}.Release|x86.ActiveCfg = Release|Any CPU
		{F00B3040-C762-4B24-B660-6590A32DC874}.Release|x86.Build.0 = Release|Any CPU
		{C27433DC-E694-4632-88E1-630190F8C813}.Debug|Any CPU.ActiveCfg = Debug|Any CPU
		{C27433DC-E694-4632-88E1-630190F8C813}.Debug|Any CPU.Build.0 = Debug|Any CPU
		{C27433DC-E694-4632-88E1-630190F8C813}.Debug|x64.ActiveCfg = Debug|Any CPU
		{C27433DC-E694-4632-88E1-630190F8C813}.Debug|x64.Build.0 = Debug|Any CPU
		{C27433DC-E694-4632-88E1-630190F8C813}.Debug|x86.ActiveCfg = Debug|Any CPU
		{C27433DC-E694-4632-88E1-630190F8C813}.Debug|x86.Build.0 = Debug|Any CPU
		{C27433DC-E694-4632-88E1-630190F8C813}.Release|Any CPU.ActiveCfg = Release|Any CPU
		{C27433DC-E694-4632-88E1-630190F8C813}.Release|Any CPU.Build.0 = Release|Any CPU
		{C27433DC-E694-4632-88E1-630190F8C813}.Release|x64.ActiveCfg = Release|Any CPU
		{C27433DC-E694-4632-88E1-630190F8C813}.Release|x64.Build.0 = Release|Any CPU
		{C27433DC-E694-4632-88E1-630190F8C813}.Release|x86.ActiveCfg = Release|Any CPU
		{C27433DC-E694-4632-88E1-630190F8C813}.Release|x86.Build.0 = Release|Any CPU
		{19F097F9-0E7A-4CF2-BA5A-E8D2612F503C}.Debug|Any CPU.ActiveCfg = Debug|Any CPU
		{19F097F9-0E7A-4CF2-BA5A-E8D2612F503C}.Debug|Any CPU.Build.0 = Debug|Any CPU
		{19F097F9-0E7A-4CF2-BA5A-E8D2612F503C}.Debug|x64.ActiveCfg = Debug|Any CPU
		{19F097F9-0E7A-4CF2-BA5A-E8D2612F503C}.Debug|x64.Build.0 = Debug|Any CPU
		{19F097F9-0E7A-4CF2-BA5A-E8D2612F503C}.Debug|x86.ActiveCfg = Debug|Any CPU
		{19F097F9-0E7A-4CF2-BA5A-E8D2612F503C}.Debug|x86.Build.0 = Debug|Any CPU
		{19F097F9-0E7A-4CF2-BA5A-E8D2612F503C}.Release|Any CPU.ActiveCfg = Release|Any CPU
		{19F097F9-0E7A-4CF2-BA5A-E8D2612F503C}.Release|Any CPU.Build.0 = Release|Any CPU
		{19F097F9-0E7A-4CF2-BA5A-E8D2612F503C}.Release|x64.ActiveCfg = Release|Any CPU
		{19F097F9-0E7A-4CF2-BA5A-E8D2612F503C}.Release|x64.Build.0 = Release|Any CPU
		{19F097F9-0E7A-4CF2-BA5A-E8D2612F503C}.Release|x86.ActiveCfg = Release|Any CPU
		{19F097F9-0E7A-4CF2-BA5A-E8D2612F503C}.Release|x86.Build.0 = Release|Any CPU
		{6AF01947-3342-462E-85B3-611036495360}.Debug|Any CPU.ActiveCfg = Debug|Any CPU
		{6AF01947-3342-462E-85B3-611036495360}.Debug|Any CPU.Build.0 = Debug|Any CPU
		{6AF01947-3342-462E-85B3-611036495360}.Debug|x64.ActiveCfg = Debug|Any CPU
		{6AF01947-3342-462E-85B3-611036495360}.Debug|x64.Build.0 = Debug|Any CPU
		{6AF01947-3342-462E-85B3-611036495360}.Debug|x86.ActiveCfg = Debug|Any CPU
		{6AF01947-3342-462E-85B3-611036495360}.Debug|x86.Build.0 = Debug|Any CPU
		{6AF01947-3342-462E-85B3-611036495360}.Release|Any CPU.ActiveCfg = Release|Any CPU
		{6AF01947-3342-462E-85B3-611036495360}.Release|Any CPU.Build.0 = Release|Any CPU
		{6AF01947-3342-462E-85B3-611036495360}.Release|x64.ActiveCfg = Release|Any CPU
		{6AF01947-3342-462E-85B3-611036495360}.Release|x64.Build.0 = Release|Any CPU
		{6AF01947-3342-462E-85B3-611036495360}.Release|x86.ActiveCfg = Release|Any CPU
		{6AF01947-3342-462E-85B3-611036495360}.Release|x86.Build.0 = Release|Any CPU
		{417EA08E-34CC-41C0-A535-42C885C5B0E7}.Debug|Any CPU.ActiveCfg = Debug|Any CPU
		{417EA08E-34CC-41C0-A535-42C885C5B0E7}.Debug|Any CPU.Build.0 = Debug|Any CPU
		{417EA08E-34CC-41C0-A535-42C885C5B0E7}.Debug|x64.ActiveCfg = Debug|Any CPU
		{417EA08E-34CC-41C0-A535-42C885C5B0E7}.Debug|x64.Build.0 = Debug|Any CPU
		{417EA08E-34CC-41C0-A535-42C885C5B0E7}.Debug|x86.ActiveCfg = Debug|Any CPU
		{417EA08E-34CC-41C0-A535-42C885C5B0E7}.Debug|x86.Build.0 = Debug|Any CPU
		{417EA08E-34CC-41C0-A535-42C885C5B0E7}.Release|Any CPU.ActiveCfg = Release|Any CPU
		{417EA08E-34CC-41C0-A535-42C885C5B0E7}.Release|Any CPU.Build.0 = Release|Any CPU
		{417EA08E-34CC-41C0-A535-42C885C5B0E7}.Release|x64.ActiveCfg = Release|Any CPU
		{417EA08E-34CC-41C0-A535-42C885C5B0E7}.Release|x64.Build.0 = Release|Any CPU
		{417EA08E-34CC-41C0-A535-42C885C5B0E7}.Release|x86.ActiveCfg = Release|Any CPU
		{417EA08E-34CC-41C0-A535-42C885C5B0E7}.Release|x86.Build.0 = Release|Any CPU
		{6F0C44CE-998B-40C4-9399-85014FD61AEA}.Debug|Any CPU.ActiveCfg = Debug|Any CPU
		{6F0C44CE-998B-40C4-9399-85014FD61AEA}.Debug|Any CPU.Build.0 = Debug|Any CPU
		{6F0C44CE-998B-40C4-9399-85014FD61AEA}.Debug|x64.ActiveCfg = Debug|Any CPU
		{6F0C44CE-998B-40C4-9399-85014FD61AEA}.Debug|x64.Build.0 = Debug|Any CPU
		{6F0C44CE-998B-40C4-9399-85014FD61AEA}.Debug|x86.ActiveCfg = Debug|Any CPU
		{6F0C44CE-998B-40C4-9399-85014FD61AEA}.Debug|x86.Build.0 = Debug|Any CPU
		{6F0C44CE-998B-40C4-9399-85014FD61AEA}.Release|Any CPU.ActiveCfg = Release|Any CPU
		{6F0C44CE-998B-40C4-9399-85014FD61AEA}.Release|Any CPU.Build.0 = Release|Any CPU
		{6F0C44CE-998B-40C4-9399-85014FD61AEA}.Release|x64.ActiveCfg = Release|Any CPU
		{6F0C44CE-998B-40C4-9399-85014FD61AEA}.Release|x64.Build.0 = Release|Any CPU
		{6F0C44CE-998B-40C4-9399-85014FD61AEA}.Release|x86.ActiveCfg = Release|Any CPU
		{6F0C44CE-998B-40C4-9399-85014FD61AEA}.Release|x86.Build.0 = Release|Any CPU
		{B259D988-1B8A-45E0-8CD4-F951474BD1A5}.Debug|Any CPU.ActiveCfg = Debug|Any CPU
		{B259D988-1B8A-45E0-8CD4-F951474BD1A5}.Debug|Any CPU.Build.0 = Debug|Any CPU
		{B259D988-1B8A-45E0-8CD4-F951474BD1A5}.Debug|x64.ActiveCfg = Debug|Any CPU
		{B259D988-1B8A-45E0-8CD4-F951474BD1A5}.Debug|x64.Build.0 = Debug|Any CPU
		{B259D988-1B8A-45E0-8CD4-F951474BD1A5}.Debug|x86.ActiveCfg = Debug|Any CPU
		{B259D988-1B8A-45E0-8CD4-F951474BD1A5}.Debug|x86.Build.0 = Debug|Any CPU
		{B259D988-1B8A-45E0-8CD4-F951474BD1A5}.Release|Any CPU.ActiveCfg = Release|Any CPU
		{B259D988-1B8A-45E0-8CD4-F951474BD1A5}.Release|Any CPU.Build.0 = Release|Any CPU
		{B259D988-1B8A-45E0-8CD4-F951474BD1A5}.Release|x64.ActiveCfg = Release|Any CPU
		{B259D988-1B8A-45E0-8CD4-F951474BD1A5}.Release|x64.Build.0 = Release|Any CPU
		{B259D988-1B8A-45E0-8CD4-F951474BD1A5}.Release|x86.ActiveCfg = Release|Any CPU
		{B259D988-1B8A-45E0-8CD4-F951474BD1A5}.Release|x86.Build.0 = Release|Any CPU
	EndGlobalSection
	GlobalSection(SolutionProperties) = preSolution
		HideSolutionNode = FALSE
	EndGlobalSection
	GlobalSection(NestedProjects) = preSolution
		{A44E5DA7-B374-4A67-89C0-DD73FE2EE3E3} = {920963F4-8205-4A1E-8ED3-9467B5D94794}
		{3549CD6F-80F8-450F-B99E-CF0A736B1F2A} = {4743D69C-2D08-44CE-93DE-D00692C18D82}
		{9D1FC5BF-0B54-4BBF-B692-A2573B9CB110} = {4743D69C-2D08-44CE-93DE-D00692C18D82}
		{112272BB-9A8E-4CFE-94AC-5AEC9446EFF7} = {4743D69C-2D08-44CE-93DE-D00692C18D82}
		{F00B3040-C762-4B24-B660-6590A32DC874} = {4743D69C-2D08-44CE-93DE-D00692C18D82}
		{C27433DC-E694-4632-88E1-630190F8C813} = {4743D69C-2D08-44CE-93DE-D00692C18D82}
		{19F097F9-0E7A-4CF2-BA5A-E8D2612F503C} = {8BB4C4E1-0E14-46FD-9BF5-28D8A629A8E7}
		{6AF01947-3342-462E-85B3-611036495360} = {4743D69C-2D08-44CE-93DE-D00692C18D82}
		{417EA08E-34CC-41C0-A535-42C885C5B0E7} = {4743D69C-2D08-44CE-93DE-D00692C18D82}
		{6F0C44CE-998B-40C4-9399-85014FD61AEA} = {4743D69C-2D08-44CE-93DE-D00692C18D82}
		{B259D988-1B8A-45E0-8CD4-F951474BD1A5} = {4743D69C-2D08-44CE-93DE-D00692C18D82}
	EndGlobalSection
	GlobalSection(ExtensibilityGlobals) = postSolution
		SolutionGuid = {93F9E2DF-0E8C-4BBD-8F98-7A5B2703D4D2}
	EndGlobalSection
EndGlobal
