
Microsoft Visual Studio Solution File, Format Version 12.00
# Visual Studio Version 16
VisualStudioVersion = 16.0.28803.352
MinimumVisualStudioVersion = 15.0.26124.0
Project("{2150E333-8FDC-42A3-9474-1A3956D46DE8}") = "test", "test", "{920963F4-8205-4A1E-8ED3-9467B5D94794}"
EndProject
Project("{2150E333-8FDC-42A3-9474-1A3956D46DE8}") = "app", "app", "{8BB4C4E1-0E14-46FD-9BF5-28D8A629A8E7}"
EndProject
Project("{2150E333-8FDC-42A3-9474-1A3956D46DE8}") = "lib", "lib", "{4743D69C-2D08-44CE-93DE-D00692C18D82}"
EndProject
Project("{2150E333-8FDC-42A3-9474-1A3956D46DE8}") = "script", "script", "{7B748A36-C415-494D-B3BD-B6A78EEF8737}"
	ProjectSection(SolutionItems) = preProject
		script\AutoHotkey.csx = script\AutoHotkey.csx
	EndProjectSection
EndProject
Project("{2150E333-8FDC-42A3-9474-1A3956D46DE8}") = "Solution Items", "Solution Items", "{715E3AF6-16D3-40D9-81FA-80D14F9BAE6D}"
	ProjectSection(SolutionItems) = preProject
		..\azure-pipelines.yml = ..\azure-pipelines.yml
		common.props = common.props
		..\readme.md = ..\readme.md
	EndProjectSection
EndProject
Project("{2150E333-8FDC-42A3-9474-1A3956D46DE8}") = "tools", "tools", "{0C2683F4-FE4F-42F8-81CD-C4A8F205250D}"
EndProject
Project("{9A19103F-16F7-4668-BE54-9A1E7A4F7556}") = "Metatool.Core", "lib\Metatool.Core\Metatool.Core.csproj", "{5E647060-FCA3-4D48-93B7-4D04604A5484}"
EndProject
Project("{9A19103F-16F7-4668-BE54-9A1E7A4F7556}") = "Metatool.Input", "lib\Metatool.InputHook\Metatool.Input.csproj", "{0F893A94-EA69-48BF-A372-542D0025F8F6}"
EndProject
Project("{9A19103F-16F7-4668-BE54-9A1E7A4F7556}") = "Metatool.MouseKeyHook", "lib\Metatool.MouseKeyHook\Metatool.MouseKeyHook.csproj", "{55986A1C-FBFC-486A-B0C2-E1BA2E403C45}"
EndProject
Project("{9A19103F-16F7-4668-BE54-9A1E7A4F7556}") = "Metatool.WindowsInput", "lib\Metatool.WindowsInput\Metatool.WindowsInput.csproj", "{AC6A8257-5B31-4E52-BE83-BAC199C1CEC4}"
EndProject
Project("{9A19103F-16F7-4668-BE54-9A1E7A4F7556}") = "Metatool.NotifyIcon", "lib\Metatool.NotifyIcon\Metatool.NotifyIcon.csproj", "{C90A8CB9-F367-4A82-B941-E2E373B370AF}"
EndProject
Project("{2150E333-8FDC-42A3-9474-1A3956D46DE8}") = "install", "install", "{F08B70CC-9FF9-4D8A-B7D5-CB7F0C774410}"
	ProjectSection(SolutionItems) = preProject
		install.ps1 = install.ps1
	EndProjectSection
EndProject
Project("{9A19103F-16F7-4668-BE54-9A1E7A4F7556}") = "Metatool.Script", "lib\Metatool.Script\Metatool.Script.csproj", "{08D3C886-FB48-4089-A2CB-596E851EB008}"
EndProject
Project("{9A19103F-16F7-4668-BE54-9A1E7A4F7556}") = "Metatool.Script.Runtime", "lib\Metatool.Script.Runtime\Metatool.Script.Runtime.csproj", "{782049B6-1C4F-4CD3-937A-6A8117C3B933}"
EndProject
Project("{9A19103F-16F7-4668-BE54-9A1E7A4F7556}") = "Metatool.MetaKeyboard", "tools_todo\Metatool.MetaKeyboard\Metatool.MetaKeyboard.csproj", "{E45A7DF5-A235-4454-BFD7-11E49D1B9DA6}"
EndProject
Project("{9A19103F-16F7-4668-BE54-9A1E7A4F7556}") = "Metatool.ScreenHint", "tools_todo\Metatool.ScreenHint\Metatool.ScreenHint.csproj", "{5DBF6B36-1863-483A-AAC6-E6E892248D97}"
EndProject
Project("{9A19103F-16F7-4668-BE54-9A1E7A4F7556}") = "Metaseed.Metatool", "app\Metaseed.Metatool.csproj", "{96CB1362-47B4-4082-BFF1-AB706A2DAB9C}"
EndProject
Project("{9A19103F-16F7-4668-BE54-9A1E7A4F7556}") = "Metatool.Plugins", "lib\Metatool.Plugins\Metatool.Plugins.csproj", "{BE98BE3C-64A9-4D44-BF71-2FA9378F0C8A}"
EndProject
Project("{9A19103F-16F7-4668-BE54-9A1E7A4F7556}") = "Metatool.Command", "lib\Metatool.CommandManager\Metatool.Command.csproj", "{D11FFB35-8D2A-4A5B-89E4-B7F844CDD196}"
EndProject
Project("{2150E333-8FDC-42A3-9474-1A3956D46DE8}") = "LibraryToolDemo", "LibraryToolDemo", "{3AA980B4-2DE9-4067-BA64-8D130155C8A4}"
	ProjectSection(SolutionItems) = preProject
		tools\LibraryToolDemo\build.ps1 = tools\LibraryToolDemo\build.ps1
	EndProjectSection
EndProject
Project("{2150E333-8FDC-42A3-9474-1A3956D46DE8}") = "IPlugin", "IPlugin", "{5C07C04B-D1B8-4D77-8873-18CA3BAE2250}"
EndProject
Project("{9A19103F-16F7-4668-BE54-9A1E7A4F7556}") = "Metatool.Plugin.Command", "lib\IPlugin\Metatool.ICommand\Metatool.Plugin.Command.csproj", "{7FDC4ADA-4981-4BA2-9838-9A83D5DE36BF}"
EndProject
Project("{9A19103F-16F7-4668-BE54-9A1E7A4F7556}") = "Metatool.Plugin", "lib\IPlugin\Metatool.Plugin\Metatool.Plugin.csproj", "{2AC0FFCF-4F55-457A-9EF8-3FD4C5FAE8B6}"
EndProject
Project("{9A19103F-16F7-4668-BE54-9A1E7A4F7556}") = "Metatool.Plugin.MouseKeyHook", "lib\IPlugin\Metatool.Input.IMouseKeyHook\Metatool.Plugin.MouseKeyHook.csproj", "{2F895772-E4A4-4F16-89E8-11DC492A1C46}"
EndProject
Project("{9A19103F-16F7-4668-BE54-9A1E7A4F7556}") = "Metatool.Plugin.Core", "lib\IPlugin\Metatool.Plugin.Core\Metatool.Plugin.Core.csproj", "{7DB48534-4BEE-4628-A496-958FD9958FD7}"
EndProject
Project("{9A19103F-16F7-4668-BE54-9A1E7A4F7556}") = "Metatool.Plugin.Input", "lib\IPlugin\Metatool.Plugin.Input\Metatool.Plugin.Input.csproj", "{0E044BC4-A436-41AD-A978-150D6D9B1362}"
EndProject
Project("{2150E333-8FDC-42A3-9474-1A3956D46DE8}") = "Plugin", "Plugin", "{566F4027-9EC8-4BFF-89ED-80ACDC592CC8}"
	ProjectSection(SolutionItems) = preProject
		lib\IPlugin\common.props = lib\IPlugin\common.props
	EndProjectSection
EndProject
Project("{9A19103F-16F7-4668-BE54-9A1E7A4F7556}") = "Metatool.Plugin.Utils", "lib\IPlugin\Metatool.Plugin.Utils\Metatool.Plugin.Utils.csproj", "{5FDB5F32-1C08-4C4F-B099-130E93BEF4AF}"
EndProject
Project("{9A19103F-16F7-4668-BE54-9A1E7A4F7556}") = "Metatool.Plugin.UI", "lib\IPlugin\Metatool.Plugin.UI\Metatool.Plugin.UI.csproj", "{EDC44228-2A4C-4204-9AB7-C12F1003B50D}"
EndProject
Project("{9A19103F-16F7-4668-BE54-9A1E7A4F7556}") = "Metatool.UI", "lib\Metatool.UI\Metatool.UI.csproj", "{58ACE775-1559-4CEF-9AFE-86F74A106EC6}"
EndProject
Project("{9A19103F-16F7-4668-BE54-9A1E7A4F7556}") = "Metatool.Plugin.NotifyIcon", "lib\IPlugin\Metatool.Plugin.NotifyIcon\Metatool.Plugin.NotifyIcon.csproj", "{7682A886-A59A-42D2-A904-12C111351823}"
EndProject
Project("{2150E333-8FDC-42A3-9474-1A3956D46DE8}") = "ScriptToolDemo", "ScriptToolDemo", "{8DB56D1B-DC7F-4B06-8F2D-341305DE37FB}"
EndProject
Project("{9A19103F-16F7-4668-BE54-9A1E7A4F7556}") = "Debug", "tools\ScriptToolDemo\Debug.csproj", "{B6AB2D7C-E860-48B1-AD48-C3D21CFB3FA8}"
EndProject
Project("{9A19103F-16F7-4668-BE54-9A1E7A4F7556}") = "Metatool.LibToolDemo", "tools\LibraryToolDemo\LibToolDemo\Metatool.LibToolDemo.csproj", "{D68873B1-D0C8-44A9-A199-D688FE37FEDB}"
EndProject
Global
	GlobalSection(SolutionConfigurationPlatforms) = preSolution
		Debug|Any CPU = Debug|Any CPU
		Debug|x64 = Debug|x64
		Debug|x86 = Debug|x86
		Release|Any CPU = Release|Any CPU
		Release|x64 = Release|x64
		Release|x86 = Release|x86
	EndGlobalSection
	GlobalSection(ProjectConfigurationPlatforms) = postSolution
		{5E647060-FCA3-4D48-93B7-4D04604A5484}.Debug|Any CPU.ActiveCfg = Debug|Any CPU
		{5E647060-FCA3-4D48-93B7-4D04604A5484}.Debug|Any CPU.Build.0 = Debug|Any CPU
		{5E647060-FCA3-4D48-93B7-4D04604A5484}.Debug|x64.ActiveCfg = Debug|Any CPU
		{5E647060-FCA3-4D48-93B7-4D04604A5484}.Debug|x64.Build.0 = Debug|Any CPU
		{5E647060-FCA3-4D48-93B7-4D04604A5484}.Debug|x86.ActiveCfg = Debug|Any CPU
		{5E647060-FCA3-4D48-93B7-4D04604A5484}.Debug|x86.Build.0 = Debug|Any CPU
		{5E647060-FCA3-4D48-93B7-4D04604A5484}.Release|Any CPU.ActiveCfg = Release|Any CPU
		{5E647060-FCA3-4D48-93B7-4D04604A5484}.Release|Any CPU.Build.0 = Release|Any CPU
		{5E647060-FCA3-4D48-93B7-4D04604A5484}.Release|x64.ActiveCfg = Release|Any CPU
		{5E647060-FCA3-4D48-93B7-4D04604A5484}.Release|x64.Build.0 = Release|Any CPU
		{5E647060-FCA3-4D48-93B7-4D04604A5484}.Release|x86.ActiveCfg = Release|Any CPU
		{5E647060-FCA3-4D48-93B7-4D04604A5484}.Release|x86.Build.0 = Release|Any CPU
		{0F893A94-EA69-48BF-A372-542D0025F8F6}.Debug|Any CPU.ActiveCfg = Debug|Any CPU
		{0F893A94-EA69-48BF-A372-542D0025F8F6}.Debug|Any CPU.Build.0 = Debug|Any CPU
		{0F893A94-EA69-48BF-A372-542D0025F8F6}.Debug|x64.ActiveCfg = Debug|Any CPU
		{0F893A94-EA69-48BF-A372-542D0025F8F6}.Debug|x64.Build.0 = Debug|Any CPU
		{0F893A94-EA69-48BF-A372-542D0025F8F6}.Debug|x86.ActiveCfg = Debug|Any CPU
		{0F893A94-EA69-48BF-A372-542D0025F8F6}.Debug|x86.Build.0 = Debug|Any CPU
		{0F893A94-EA69-48BF-A372-542D0025F8F6}.Release|Any CPU.ActiveCfg = Release|Any CPU
		{0F893A94-EA69-48BF-A372-542D0025F8F6}.Release|Any CPU.Build.0 = Release|Any CPU
		{0F893A94-EA69-48BF-A372-542D0025F8F6}.Release|x64.ActiveCfg = Release|Any CPU
		{0F893A94-EA69-48BF-A372-542D0025F8F6}.Release|x64.Build.0 = Release|Any CPU
		{0F893A94-EA69-48BF-A372-542D0025F8F6}.Release|x86.ActiveCfg = Release|Any CPU
		{0F893A94-EA69-48BF-A372-542D0025F8F6}.Release|x86.Build.0 = Release|Any CPU
		{55986A1C-FBFC-486A-B0C2-E1BA2E403C45}.Debug|Any CPU.ActiveCfg = Debug|Any CPU
		{55986A1C-FBFC-486A-B0C2-E1BA2E403C45}.Debug|Any CPU.Build.0 = Debug|Any CPU
		{55986A1C-FBFC-486A-B0C2-E1BA2E403C45}.Debug|x64.ActiveCfg = Debug|Any CPU
		{55986A1C-FBFC-486A-B0C2-E1BA2E403C45}.Debug|x64.Build.0 = Debug|Any CPU
		{55986A1C-FBFC-486A-B0C2-E1BA2E403C45}.Debug|x86.ActiveCfg = Debug|Any CPU
		{55986A1C-FBFC-486A-B0C2-E1BA2E403C45}.Debug|x86.Build.0 = Debug|Any CPU
		{55986A1C-FBFC-486A-B0C2-E1BA2E403C45}.Release|Any CPU.ActiveCfg = Release|Any CPU
		{55986A1C-FBFC-486A-B0C2-E1BA2E403C45}.Release|Any CPU.Build.0 = Release|Any CPU
		{55986A1C-FBFC-486A-B0C2-E1BA2E403C45}.Release|x64.ActiveCfg = Release|Any CPU
		{55986A1C-FBFC-486A-B0C2-E1BA2E403C45}.Release|x64.Build.0 = Release|Any CPU
		{55986A1C-FBFC-486A-B0C2-E1BA2E403C45}.Release|x86.ActiveCfg = Release|Any CPU
		{55986A1C-FBFC-486A-B0C2-E1BA2E403C45}.Release|x86.Build.0 = Release|Any CPU
		{AC6A8257-5B31-4E52-BE83-BAC199C1CEC4}.Debug|Any CPU.ActiveCfg = Debug|Any CPU
		{AC6A8257-5B31-4E52-BE83-BAC199C1CEC4}.Debug|Any CPU.Build.0 = Debug|Any CPU
		{AC6A8257-5B31-4E52-BE83-BAC199C1CEC4}.Debug|x64.ActiveCfg = Debug|Any CPU
		{AC6A8257-5B31-4E52-BE83-BAC199C1CEC4}.Debug|x64.Build.0 = Debug|Any CPU
		{AC6A8257-5B31-4E52-BE83-BAC199C1CEC4}.Debug|x86.ActiveCfg = Debug|Any CPU
		{AC6A8257-5B31-4E52-BE83-BAC199C1CEC4}.Debug|x86.Build.0 = Debug|Any CPU
		{AC6A8257-5B31-4E52-BE83-BAC199C1CEC4}.Release|Any CPU.ActiveCfg = Release|Any CPU
		{AC6A8257-5B31-4E52-BE83-BAC199C1CEC4}.Release|Any CPU.Build.0 = Release|Any CPU
		{AC6A8257-5B31-4E52-BE83-BAC199C1CEC4}.Release|x64.ActiveCfg = Release|Any CPU
		{AC6A8257-5B31-4E52-BE83-BAC199C1CEC4}.Release|x64.Build.0 = Release|Any CPU
		{AC6A8257-5B31-4E52-BE83-BAC199C1CEC4}.Release|x86.ActiveCfg = Release|Any CPU
		{AC6A8257-5B31-4E52-BE83-BAC199C1CEC4}.Release|x86.Build.0 = Release|Any CPU
		{C90A8CB9-F367-4A82-B941-E2E373B370AF}.Debug|Any CPU.ActiveCfg = Debug|Any CPU
		{C90A8CB9-F367-4A82-B941-E2E373B370AF}.Debug|Any CPU.Build.0 = Debug|Any CPU
		{C90A8CB9-F367-4A82-B941-E2E373B370AF}.Debug|x64.ActiveCfg = Debug|Any CPU
		{C90A8CB9-F367-4A82-B941-E2E373B370AF}.Debug|x64.Build.0 = Debug|Any CPU
		{C90A8CB9-F367-4A82-B941-E2E373B370AF}.Debug|x86.ActiveCfg = Debug|Any CPU
		{C90A8CB9-F367-4A82-B941-E2E373B370AF}.Debug|x86.Build.0 = Debug|Any CPU
		{C90A8CB9-F367-4A82-B941-E2E373B370AF}.Release|Any CPU.ActiveCfg = Release|Any CPU
		{C90A8CB9-F367-4A82-B941-E2E373B370AF}.Release|Any CPU.Build.0 = Release|Any CPU
		{C90A8CB9-F367-4A82-B941-E2E373B370AF}.Release|x64.ActiveCfg = Release|Any CPU
		{C90A8CB9-F367-4A82-B941-E2E373B370AF}.Release|x64.Build.0 = Release|Any CPU
		{C90A8CB9-F367-4A82-B941-E2E373B370AF}.Release|x86.ActiveCfg = Release|Any CPU
		{C90A8CB9-F367-4A82-B941-E2E373B370AF}.Release|x86.Build.0 = Release|Any CPU
		{08D3C886-FB48-4089-A2CB-596E851EB008}.Debug|Any CPU.ActiveCfg = Debug|Any CPU
		{08D3C886-FB48-4089-A2CB-596E851EB008}.Debug|Any CPU.Build.0 = Debug|Any CPU
		{08D3C886-FB48-4089-A2CB-596E851EB008}.Debug|x64.ActiveCfg = Debug|Any CPU
		{08D3C886-FB48-4089-A2CB-596E851EB008}.Debug|x64.Build.0 = Debug|Any CPU
		{08D3C886-FB48-4089-A2CB-596E851EB008}.Debug|x86.ActiveCfg = Debug|Any CPU
		{08D3C886-FB48-4089-A2CB-596E851EB008}.Debug|x86.Build.0 = Debug|Any CPU
		{08D3C886-FB48-4089-A2CB-596E851EB008}.Release|Any CPU.ActiveCfg = Release|Any CPU
		{08D3C886-FB48-4089-A2CB-596E851EB008}.Release|Any CPU.Build.0 = Release|Any CPU
		{08D3C886-FB48-4089-A2CB-596E851EB008}.Release|x64.ActiveCfg = Release|Any CPU
		{08D3C886-FB48-4089-A2CB-596E851EB008}.Release|x64.Build.0 = Release|Any CPU
		{08D3C886-FB48-4089-A2CB-596E851EB008}.Release|x86.ActiveCfg = Release|Any CPU
		{08D3C886-FB48-4089-A2CB-596E851EB008}.Release|x86.Build.0 = Release|Any CPU
		{782049B6-1C4F-4CD3-937A-6A8117C3B933}.Debug|Any CPU.ActiveCfg = Debug|Any CPU
		{782049B6-1C4F-4CD3-937A-6A8117C3B933}.Debug|Any CPU.Build.0 = Debug|Any CPU
		{782049B6-1C4F-4CD3-937A-6A8117C3B933}.Debug|x64.ActiveCfg = Debug|Any CPU
		{782049B6-1C4F-4CD3-937A-6A8117C3B933}.Debug|x64.Build.0 = Debug|Any CPU
		{782049B6-1C4F-4CD3-937A-6A8117C3B933}.Debug|x86.ActiveCfg = Debug|Any CPU
		{782049B6-1C4F-4CD3-937A-6A8117C3B933}.Debug|x86.Build.0 = Debug|Any CPU
		{782049B6-1C4F-4CD3-937A-6A8117C3B933}.Release|Any CPU.ActiveCfg = Release|Any CPU
		{782049B6-1C4F-4CD3-937A-6A8117C3B933}.Release|Any CPU.Build.0 = Release|Any CPU
		{782049B6-1C4F-4CD3-937A-6A8117C3B933}.Release|x64.ActiveCfg = Release|Any CPU
		{782049B6-1C4F-4CD3-937A-6A8117C3B933}.Release|x64.Build.0 = Release|Any CPU
		{782049B6-1C4F-4CD3-937A-6A8117C3B933}.Release|x86.ActiveCfg = Release|Any CPU
		{782049B6-1C4F-4CD3-937A-6A8117C3B933}.Release|x86.Build.0 = Release|Any CPU
		{E45A7DF5-A235-4454-BFD7-11E49D1B9DA6}.Debug|Any CPU.ActiveCfg = Debug|Any CPU
		{E45A7DF5-A235-4454-BFD7-11E49D1B9DA6}.Debug|Any CPU.Build.0 = Debug|Any CPU
		{E45A7DF5-A235-4454-BFD7-11E49D1B9DA6}.Debug|x64.ActiveCfg = Debug|Any CPU
		{E45A7DF5-A235-4454-BFD7-11E49D1B9DA6}.Debug|x64.Build.0 = Debug|Any CPU
		{E45A7DF5-A235-4454-BFD7-11E49D1B9DA6}.Debug|x86.ActiveCfg = Debug|Any CPU
		{E45A7DF5-A235-4454-BFD7-11E49D1B9DA6}.Debug|x86.Build.0 = Debug|Any CPU
		{E45A7DF5-A235-4454-BFD7-11E49D1B9DA6}.Release|Any CPU.ActiveCfg = Release|Any CPU
		{E45A7DF5-A235-4454-BFD7-11E49D1B9DA6}.Release|Any CPU.Build.0 = Release|Any CPU
		{E45A7DF5-A235-4454-BFD7-11E49D1B9DA6}.Release|x64.ActiveCfg = Release|Any CPU
		{E45A7DF5-A235-4454-BFD7-11E49D1B9DA6}.Release|x64.Build.0 = Release|Any CPU
		{E45A7DF5-A235-4454-BFD7-11E49D1B9DA6}.Release|x86.ActiveCfg = Release|Any CPU
		{E45A7DF5-A235-4454-BFD7-11E49D1B9DA6}.Release|x86.Build.0 = Release|Any CPU
		{5DBF6B36-1863-483A-AAC6-E6E892248D97}.Debug|Any CPU.ActiveCfg = Debug|Any CPU
		{5DBF6B36-1863-483A-AAC6-E6E892248D97}.Debug|Any CPU.Build.0 = Debug|Any CPU
		{5DBF6B36-1863-483A-AAC6-E6E892248D97}.Debug|x64.ActiveCfg = Debug|Any CPU
		{5DBF6B36-1863-483A-AAC6-E6E892248D97}.Debug|x64.Build.0 = Debug|Any CPU
		{5DBF6B36-1863-483A-AAC6-E6E892248D97}.Debug|x86.ActiveCfg = Debug|Any CPU
		{5DBF6B36-1863-483A-AAC6-E6E892248D97}.Debug|x86.Build.0 = Debug|Any CPU
		{5DBF6B36-1863-483A-AAC6-E6E892248D97}.Release|Any CPU.ActiveCfg = Release|Any CPU
		{5DBF6B36-1863-483A-AAC6-E6E892248D97}.Release|Any CPU.Build.0 = Release|Any CPU
		{5DBF6B36-1863-483A-AAC6-E6E892248D97}.Release|x64.ActiveCfg = Release|Any CPU
		{5DBF6B36-1863-483A-AAC6-E6E892248D97}.Release|x64.Build.0 = Release|Any CPU
		{5DBF6B36-1863-483A-AAC6-E6E892248D97}.Release|x86.ActiveCfg = Release|Any CPU
		{5DBF6B36-1863-483A-AAC6-E6E892248D97}.Release|x86.Build.0 = Release|Any CPU
		{96CB1362-47B4-4082-BFF1-AB706A2DAB9C}.Debug|Any CPU.ActiveCfg = Debug|Any CPU
		{96CB1362-47B4-4082-BFF1-AB706A2DAB9C}.Debug|Any CPU.Build.0 = Debug|Any CPU
		{96CB1362-47B4-4082-BFF1-AB706A2DAB9C}.Debug|x64.ActiveCfg = Debug|Any CPU
		{96CB1362-47B4-4082-BFF1-AB706A2DAB9C}.Debug|x64.Build.0 = Debug|Any CPU
		{96CB1362-47B4-4082-BFF1-AB706A2DAB9C}.Debug|x86.ActiveCfg = Debug|Any CPU
		{96CB1362-47B4-4082-BFF1-AB706A2DAB9C}.Debug|x86.Build.0 = Debug|Any CPU
		{96CB1362-47B4-4082-BFF1-AB706A2DAB9C}.Release|Any CPU.ActiveCfg = Release|Any CPU
		{96CB1362-47B4-4082-BFF1-AB706A2DAB9C}.Release|Any CPU.Build.0 = Release|Any CPU
		{96CB1362-47B4-4082-BFF1-AB706A2DAB9C}.Release|x64.ActiveCfg = Release|Any CPU
		{96CB1362-47B4-4082-BFF1-AB706A2DAB9C}.Release|x64.Build.0 = Release|Any CPU
		{96CB1362-47B4-4082-BFF1-AB706A2DAB9C}.Release|x86.ActiveCfg = Release|Any CPU
		{96CB1362-47B4-4082-BFF1-AB706A2DAB9C}.Release|x86.Build.0 = Release|Any CPU
		{BE98BE3C-64A9-4D44-BF71-2FA9378F0C8A}.Debug|Any CPU.ActiveCfg = Debug|Any CPU
		{BE98BE3C-64A9-4D44-BF71-2FA9378F0C8A}.Debug|Any CPU.Build.0 = Debug|Any CPU
		{BE98BE3C-64A9-4D44-BF71-2FA9378F0C8A}.Debug|x64.ActiveCfg = Debug|Any CPU
		{BE98BE3C-64A9-4D44-BF71-2FA9378F0C8A}.Debug|x64.Build.0 = Debug|Any CPU
		{BE98BE3C-64A9-4D44-BF71-2FA9378F0C8A}.Debug|x86.ActiveCfg = Debug|Any CPU
		{BE98BE3C-64A9-4D44-BF71-2FA9378F0C8A}.Debug|x86.Build.0 = Debug|Any CPU
		{BE98BE3C-64A9-4D44-BF71-2FA9378F0C8A}.Release|Any CPU.ActiveCfg = Release|Any CPU
		{BE98BE3C-64A9-4D44-BF71-2FA9378F0C8A}.Release|Any CPU.Build.0 = Release|Any CPU
		{BE98BE3C-64A9-4D44-BF71-2FA9378F0C8A}.Release|x64.ActiveCfg = Release|Any CPU
		{BE98BE3C-64A9-4D44-BF71-2FA9378F0C8A}.Release|x64.Build.0 = Release|Any CPU
		{BE98BE3C-64A9-4D44-BF71-2FA9378F0C8A}.Release|x86.ActiveCfg = Release|Any CPU
		{BE98BE3C-64A9-4D44-BF71-2FA9378F0C8A}.Release|x86.Build.0 = Release|Any CPU
		{D11FFB35-8D2A-4A5B-89E4-B7F844CDD196}.Debug|Any CPU.ActiveCfg = Debug|Any CPU
		{D11FFB35-8D2A-4A5B-89E4-B7F844CDD196}.Debug|Any CPU.Build.0 = Debug|Any CPU
		{D11FFB35-8D2A-4A5B-89E4-B7F844CDD196}.Debug|x64.ActiveCfg = Debug|Any CPU
		{D11FFB35-8D2A-4A5B-89E4-B7F844CDD196}.Debug|x64.Build.0 = Debug|Any CPU
		{D11FFB35-8D2A-4A5B-89E4-B7F844CDD196}.Debug|x86.ActiveCfg = Debug|Any CPU
		{D11FFB35-8D2A-4A5B-89E4-B7F844CDD196}.Debug|x86.Build.0 = Debug|Any CPU
		{D11FFB35-8D2A-4A5B-89E4-B7F844CDD196}.Release|Any CPU.ActiveCfg = Release|Any CPU
		{D11FFB35-8D2A-4A5B-89E4-B7F844CDD196}.Release|Any CPU.Build.0 = Release|Any CPU
		{D11FFB35-8D2A-4A5B-89E4-B7F844CDD196}.Release|x64.ActiveCfg = Release|Any CPU
		{D11FFB35-8D2A-4A5B-89E4-B7F844CDD196}.Release|x64.Build.0 = Release|Any CPU
		{D11FFB35-8D2A-4A5B-89E4-B7F844CDD196}.Release|x86.ActiveCfg = Release|Any CPU
		{D11FFB35-8D2A-4A5B-89E4-B7F844CDD196}.Release|x86.Build.0 = Release|Any CPU
		{7FDC4ADA-4981-4BA2-9838-9A83D5DE36BF}.Debug|Any CPU.ActiveCfg = Debug|Any CPU
		{7FDC4ADA-4981-4BA2-9838-9A83D5DE36BF}.Debug|Any CPU.Build.0 = Debug|Any CPU
		{7FDC4ADA-4981-4BA2-9838-9A83D5DE36BF}.Debug|x64.ActiveCfg = Debug|Any CPU
		{7FDC4ADA-4981-4BA2-9838-9A83D5DE36BF}.Debug|x64.Build.0 = Debug|Any CPU
		{7FDC4ADA-4981-4BA2-9838-9A83D5DE36BF}.Debug|x86.ActiveCfg = Debug|Any CPU
		{7FDC4ADA-4981-4BA2-9838-9A83D5DE36BF}.Debug|x86.Build.0 = Debug|Any CPU
		{7FDC4ADA-4981-4BA2-9838-9A83D5DE36BF}.Release|Any CPU.ActiveCfg = Release|Any CPU
		{7FDC4ADA-4981-4BA2-9838-9A83D5DE36BF}.Release|Any CPU.Build.0 = Release|Any CPU
		{7FDC4ADA-4981-4BA2-9838-9A83D5DE36BF}.Release|x64.ActiveCfg = Release|Any CPU
		{7FDC4ADA-4981-4BA2-9838-9A83D5DE36BF}.Release|x64.Build.0 = Release|Any CPU
		{7FDC4ADA-4981-4BA2-9838-9A83D5DE36BF}.Release|x86.ActiveCfg = Release|Any CPU
		{7FDC4ADA-4981-4BA2-9838-9A83D5DE36BF}.Release|x86.Build.0 = Release|Any CPU
		{2AC0FFCF-4F55-457A-9EF8-3FD4C5FAE8B6}.Debug|Any CPU.ActiveCfg = Debug|Any CPU
		{2AC0FFCF-4F55-457A-9EF8-3FD4C5FAE8B6}.Debug|Any CPU.Build.0 = Debug|Any CPU
		{2AC0FFCF-4F55-457A-9EF8-3FD4C5FAE8B6}.Debug|x64.ActiveCfg = Debug|Any CPU
		{2AC0FFCF-4F55-457A-9EF8-3FD4C5FAE8B6}.Debug|x64.Build.0 = Debug|Any CPU
		{2AC0FFCF-4F55-457A-9EF8-3FD4C5FAE8B6}.Debug|x86.ActiveCfg = Debug|Any CPU
		{2AC0FFCF-4F55-457A-9EF8-3FD4C5FAE8B6}.Debug|x86.Build.0 = Debug|Any CPU
		{2AC0FFCF-4F55-457A-9EF8-3FD4C5FAE8B6}.Release|Any CPU.ActiveCfg = Release|Any CPU
		{2AC0FFCF-4F55-457A-9EF8-3FD4C5FAE8B6}.Release|Any CPU.Build.0 = Release|Any CPU
		{2AC0FFCF-4F55-457A-9EF8-3FD4C5FAE8B6}.Release|x64.ActiveCfg = Release|Any CPU
		{2AC0FFCF-4F55-457A-9EF8-3FD4C5FAE8B6}.Release|x64.Build.0 = Release|Any CPU
		{2AC0FFCF-4F55-457A-9EF8-3FD4C5FAE8B6}.Release|x86.ActiveCfg = Release|Any CPU
		{2AC0FFCF-4F55-457A-9EF8-3FD4C5FAE8B6}.Release|x86.Build.0 = Release|Any CPU
		{2F895772-E4A4-4F16-89E8-11DC492A1C46}.Debug|Any CPU.ActiveCfg = Debug|Any CPU
		{2F895772-E4A4-4F16-89E8-11DC492A1C46}.Debug|Any CPU.Build.0 = Debug|Any CPU
		{2F895772-E4A4-4F16-89E8-11DC492A1C46}.Debug|x64.ActiveCfg = Debug|Any CPU
		{2F895772-E4A4-4F16-89E8-11DC492A1C46}.Debug|x64.Build.0 = Debug|Any CPU
		{2F895772-E4A4-4F16-89E8-11DC492A1C46}.Debug|x86.ActiveCfg = Debug|Any CPU
		{2F895772-E4A4-4F16-89E8-11DC492A1C46}.Debug|x86.Build.0 = Debug|Any CPU
		{2F895772-E4A4-4F16-89E8-11DC492A1C46}.Release|Any CPU.ActiveCfg = Release|Any CPU
		{2F895772-E4A4-4F16-89E8-11DC492A1C46}.Release|Any CPU.Build.0 = Release|Any CPU
		{2F895772-E4A4-4F16-89E8-11DC492A1C46}.Release|x64.ActiveCfg = Release|Any CPU
		{2F895772-E4A4-4F16-89E8-11DC492A1C46}.Release|x64.Build.0 = Release|Any CPU
		{2F895772-E4A4-4F16-89E8-11DC492A1C46}.Release|x86.ActiveCfg = Release|Any CPU
		{2F895772-E4A4-4F16-89E8-11DC492A1C46}.Release|x86.Build.0 = Release|Any CPU
		{7DB48534-4BEE-4628-A496-958FD9958FD7}.Debug|Any CPU.ActiveCfg = Debug|Any CPU
		{7DB48534-4BEE-4628-A496-958FD9958FD7}.Debug|Any CPU.Build.0 = Debug|Any CPU
		{7DB48534-4BEE-4628-A496-958FD9958FD7}.Debug|x64.ActiveCfg = Debug|Any CPU
		{7DB48534-4BEE-4628-A496-958FD9958FD7}.Debug|x64.Build.0 = Debug|Any CPU
		{7DB48534-4BEE-4628-A496-958FD9958FD7}.Debug|x86.ActiveCfg = Debug|Any CPU
		{7DB48534-4BEE-4628-A496-958FD9958FD7}.Debug|x86.Build.0 = Debug|Any CPU
		{7DB48534-4BEE-4628-A496-958FD9958FD7}.Release|Any CPU.ActiveCfg = Release|Any CPU
		{7DB48534-4BEE-4628-A496-958FD9958FD7}.Release|Any CPU.Build.0 = Release|Any CPU
		{7DB48534-4BEE-4628-A496-958FD9958FD7}.Release|x64.ActiveCfg = Release|Any CPU
		{7DB48534-4BEE-4628-A496-958FD9958FD7}.Release|x64.Build.0 = Release|Any CPU
		{7DB48534-4BEE-4628-A496-958FD9958FD7}.Release|x86.ActiveCfg = Release|Any CPU
		{7DB48534-4BEE-4628-A496-958FD9958FD7}.Release|x86.Build.0 = Release|Any CPU
		{0E044BC4-A436-41AD-A978-150D6D9B1362}.Debug|Any CPU.ActiveCfg = Debug|Any CPU
		{0E044BC4-A436-41AD-A978-150D6D9B1362}.Debug|Any CPU.Build.0 = Debug|Any CPU
		{0E044BC4-A436-41AD-A978-150D6D9B1362}.Debug|x64.ActiveCfg = Debug|Any CPU
		{0E044BC4-A436-41AD-A978-150D6D9B1362}.Debug|x64.Build.0 = Debug|Any CPU
		{0E044BC4-A436-41AD-A978-150D6D9B1362}.Debug|x86.ActiveCfg = Debug|Any CPU
		{0E044BC4-A436-41AD-A978-150D6D9B1362}.Debug|x86.Build.0 = Debug|Any CPU
		{0E044BC4-A436-41AD-A978-150D6D9B1362}.Release|Any CPU.ActiveCfg = Release|Any CPU
		{0E044BC4-A436-41AD-A978-150D6D9B1362}.Release|Any CPU.Build.0 = Release|Any CPU
		{0E044BC4-A436-41AD-A978-150D6D9B1362}.Release|x64.ActiveCfg = Release|Any CPU
		{0E044BC4-A436-41AD-A978-150D6D9B1362}.Release|x64.Build.0 = Release|Any CPU
		{0E044BC4-A436-41AD-A978-150D6D9B1362}.Release|x86.ActiveCfg = Release|Any CPU
		{0E044BC4-A436-41AD-A978-150D6D9B1362}.Release|x86.Build.0 = Release|Any CPU
		{5FDB5F32-1C08-4C4F-B099-130E93BEF4AF}.Debug|Any CPU.ActiveCfg = Debug|Any CPU
		{5FDB5F32-1C08-4C4F-B099-130E93BEF4AF}.Debug|Any CPU.Build.0 = Debug|Any CPU
		{5FDB5F32-1C08-4C4F-B099-130E93BEF4AF}.Debug|x64.ActiveCfg = Debug|Any CPU
		{5FDB5F32-1C08-4C4F-B099-130E93BEF4AF}.Debug|x64.Build.0 = Debug|Any CPU
		{5FDB5F32-1C08-4C4F-B099-130E93BEF4AF}.Debug|x86.ActiveCfg = Debug|Any CPU
		{5FDB5F32-1C08-4C4F-B099-130E93BEF4AF}.Debug|x86.Build.0 = Debug|Any CPU
		{5FDB5F32-1C08-4C4F-B099-130E93BEF4AF}.Release|Any CPU.ActiveCfg = Release|Any CPU
		{5FDB5F32-1C08-4C4F-B099-130E93BEF4AF}.Release|Any CPU.Build.0 = Release|Any CPU
		{5FDB5F32-1C08-4C4F-B099-130E93BEF4AF}.Release|x64.ActiveCfg = Release|Any CPU
		{5FDB5F32-1C08-4C4F-B099-130E93BEF4AF}.Release|x64.Build.0 = Release|Any CPU
		{5FDB5F32-1C08-4C4F-B099-130E93BEF4AF}.Release|x86.ActiveCfg = Release|Any CPU
		{5FDB5F32-1C08-4C4F-B099-130E93BEF4AF}.Release|x86.Build.0 = Release|Any CPU
		{EDC44228-2A4C-4204-9AB7-C12F1003B50D}.Debug|Any CPU.ActiveCfg = Debug|Any CPU
		{EDC44228-2A4C-4204-9AB7-C12F1003B50D}.Debug|Any CPU.Build.0 = Debug|Any CPU
		{EDC44228-2A4C-4204-9AB7-C12F1003B50D}.Debug|x64.ActiveCfg = Debug|Any CPU
		{EDC44228-2A4C-4204-9AB7-C12F1003B50D}.Debug|x64.Build.0 = Debug|Any CPU
		{EDC44228-2A4C-4204-9AB7-C12F1003B50D}.Debug|x86.ActiveCfg = Debug|Any CPU
		{EDC44228-2A4C-4204-9AB7-C12F1003B50D}.Debug|x86.Build.0 = Debug|Any CPU
		{EDC44228-2A4C-4204-9AB7-C12F1003B50D}.Release|Any CPU.ActiveCfg = Release|Any CPU
		{EDC44228-2A4C-4204-9AB7-C12F1003B50D}.Release|Any CPU.Build.0 = Release|Any CPU
		{EDC44228-2A4C-4204-9AB7-C12F1003B50D}.Release|x64.ActiveCfg = Release|Any CPU
		{EDC44228-2A4C-4204-9AB7-C12F1003B50D}.Release|x64.Build.0 = Release|Any CPU
		{EDC44228-2A4C-4204-9AB7-C12F1003B50D}.Release|x86.ActiveCfg = Release|Any CPU
		{EDC44228-2A4C-4204-9AB7-C12F1003B50D}.Release|x86.Build.0 = Release|Any CPU
		{58ACE775-1559-4CEF-9AFE-86F74A106EC6}.Debug|Any CPU.ActiveCfg = Debug|Any CPU
		{58ACE775-1559-4CEF-9AFE-86F74A106EC6}.Debug|Any CPU.Build.0 = Debug|Any CPU
		{58ACE775-1559-4CEF-9AFE-86F74A106EC6}.Debug|x64.ActiveCfg = Debug|Any CPU
		{58ACE775-1559-4CEF-9AFE-86F74A106EC6}.Debug|x64.Build.0 = Debug|Any CPU
		{58ACE775-1559-4CEF-9AFE-86F74A106EC6}.Debug|x86.ActiveCfg = Debug|Any CPU
		{58ACE775-1559-4CEF-9AFE-86F74A106EC6}.Debug|x86.Build.0 = Debug|Any CPU
		{58ACE775-1559-4CEF-9AFE-86F74A106EC6}.Release|Any CPU.ActiveCfg = Release|Any CPU
		{58ACE775-1559-4CEF-9AFE-86F74A106EC6}.Release|Any CPU.Build.0 = Release|Any CPU
		{58ACE775-1559-4CEF-9AFE-86F74A106EC6}.Release|x64.ActiveCfg = Release|Any CPU
		{58ACE775-1559-4CEF-9AFE-86F74A106EC6}.Release|x64.Build.0 = Release|Any CPU
		{58ACE775-1559-4CEF-9AFE-86F74A106EC6}.Release|x86.ActiveCfg = Release|Any CPU
		{58ACE775-1559-4CEF-9AFE-86F74A106EC6}.Release|x86.Build.0 = Release|Any CPU
		{7682A886-A59A-42D2-A904-12C111351823}.Debug|Any CPU.ActiveCfg = Debug|Any CPU
		{7682A886-A59A-42D2-A904-12C111351823}.Debug|Any CPU.Build.0 = Debug|Any CPU
		{7682A886-A59A-42D2-A904-12C111351823}.Debug|x64.ActiveCfg = Debug|Any CPU
		{7682A886-A59A-42D2-A904-12C111351823}.Debug|x64.Build.0 = Debug|Any CPU
		{7682A886-A59A-42D2-A904-12C111351823}.Debug|x86.ActiveCfg = Debug|Any CPU
		{7682A886-A59A-42D2-A904-12C111351823}.Debug|x86.Build.0 = Debug|Any CPU
		{7682A886-A59A-42D2-A904-12C111351823}.Release|Any CPU.ActiveCfg = Release|Any CPU
		{7682A886-A59A-42D2-A904-12C111351823}.Release|Any CPU.Build.0 = Release|Any CPU
		{7682A886-A59A-42D2-A904-12C111351823}.Release|x64.ActiveCfg = Release|Any CPU
		{7682A886-A59A-42D2-A904-12C111351823}.Release|x64.Build.0 = Release|Any CPU
		{7682A886-A59A-42D2-A904-12C111351823}.Release|x86.ActiveCfg = Release|Any CPU
		{7682A886-A59A-42D2-A904-12C111351823}.Release|x86.Build.0 = Release|Any CPU
		{B6AB2D7C-E860-48B1-AD48-C3D21CFB3FA8}.Debug|Any CPU.ActiveCfg = Debug|Any CPU
		{B6AB2D7C-E860-48B1-AD48-C3D21CFB3FA8}.Debug|Any CPU.Build.0 = Debug|Any CPU
		{B6AB2D7C-E860-48B1-AD48-C3D21CFB3FA8}.Debug|x64.ActiveCfg = Debug|Any CPU
		{B6AB2D7C-E860-48B1-AD48-C3D21CFB3FA8}.Debug|x64.Build.0 = Debug|Any CPU
		{B6AB2D7C-E860-48B1-AD48-C3D21CFB3FA8}.Debug|x86.ActiveCfg = Debug|Any CPU
		{B6AB2D7C-E860-48B1-AD48-C3D21CFB3FA8}.Debug|x86.Build.0 = Debug|Any CPU
		{B6AB2D7C-E860-48B1-AD48-C3D21CFB3FA8}.Release|Any CPU.ActiveCfg = Release|Any CPU
		{B6AB2D7C-E860-48B1-AD48-C3D21CFB3FA8}.Release|Any CPU.Build.0 = Release|Any CPU
		{B6AB2D7C-E860-48B1-AD48-C3D21CFB3FA8}.Release|x64.ActiveCfg = Release|Any CPU
		{B6AB2D7C-E860-48B1-AD48-C3D21CFB3FA8}.Release|x64.Build.0 = Release|Any CPU
		{B6AB2D7C-E860-48B1-AD48-C3D21CFB3FA8}.Release|x86.ActiveCfg = Release|Any CPU
		{B6AB2D7C-E860-48B1-AD48-C3D21CFB3FA8}.Release|x86.Build.0 = Release|Any CPU
		{D68873B1-D0C8-44A9-A199-D688FE37FEDB}.Debug|Any CPU.ActiveCfg = Debug|Any CPU
		{D68873B1-D0C8-44A9-A199-D688FE37FEDB}.Debug|Any CPU.Build.0 = Debug|Any CPU
		{D68873B1-D0C8-44A9-A199-D688FE37FEDB}.Debug|x64.ActiveCfg = Debug|Any CPU
		{D68873B1-D0C8-44A9-A199-D688FE37FEDB}.Debug|x64.Build.0 = Debug|Any CPU
		{D68873B1-D0C8-44A9-A199-D688FE37FEDB}.Debug|x86.ActiveCfg = Debug|Any CPU
		{D68873B1-D0C8-44A9-A199-D688FE37FEDB}.Debug|x86.Build.0 = Debug|Any CPU
		{D68873B1-D0C8-44A9-A199-D688FE37FEDB}.Release|Any CPU.ActiveCfg = Release|Any CPU
		{D68873B1-D0C8-44A9-A199-D688FE37FEDB}.Release|Any CPU.Build.0 = Release|Any CPU
		{D68873B1-D0C8-44A9-A199-D688FE37FEDB}.Release|x64.ActiveCfg = Release|Any CPU
		{D68873B1-D0C8-44A9-A199-D688FE37FEDB}.Release|x64.Build.0 = Release|Any CPU
		{D68873B1-D0C8-44A9-A199-D688FE37FEDB}.Release|x86.ActiveCfg = Release|Any CPU
		{D68873B1-D0C8-44A9-A199-D688FE37FEDB}.Release|x86.Build.0 = Release|Any CPU
	EndGlobalSection
	GlobalSection(SolutionProperties) = preSolution
		HideSolutionNode = FALSE
	EndGlobalSection
	GlobalSection(NestedProjects) = preSolution
		{5E647060-FCA3-4D48-93B7-4D04604A5484} = {4743D69C-2D08-44CE-93DE-D00692C18D82}
		{0F893A94-EA69-48BF-A372-542D0025F8F6} = {566F4027-9EC8-4BFF-89ED-80ACDC592CC8}
		{55986A1C-FBFC-486A-B0C2-E1BA2E403C45} = {566F4027-9EC8-4BFF-89ED-80ACDC592CC8}
		{AC6A8257-5B31-4E52-BE83-BAC199C1CEC4} = {4743D69C-2D08-44CE-93DE-D00692C18D82}
		{C90A8CB9-F367-4A82-B941-E2E373B370AF} = {566F4027-9EC8-4BFF-89ED-80ACDC592CC8}
		{08D3C886-FB48-4089-A2CB-596E851EB008} = {4743D69C-2D08-44CE-93DE-D00692C18D82}
		{782049B6-1C4F-4CD3-937A-6A8117C3B933} = {4743D69C-2D08-44CE-93DE-D00692C18D82}
		{E45A7DF5-A235-4454-BFD7-11E49D1B9DA6} = {0C2683F4-FE4F-42F8-81CD-C4A8F205250D}
		{5DBF6B36-1863-483A-AAC6-E6E892248D97} = {0C2683F4-FE4F-42F8-81CD-C4A8F205250D}
		{96CB1362-47B4-4082-BFF1-AB706A2DAB9C} = {8BB4C4E1-0E14-46FD-9BF5-28D8A629A8E7}
		{BE98BE3C-64A9-4D44-BF71-2FA9378F0C8A} = {4743D69C-2D08-44CE-93DE-D00692C18D82}
		{D11FFB35-8D2A-4A5B-89E4-B7F844CDD196} = {566F4027-9EC8-4BFF-89ED-80ACDC592CC8}
		{3AA980B4-2DE9-4067-BA64-8D130155C8A4} = {0C2683F4-FE4F-42F8-81CD-C4A8F205250D}
		{5C07C04B-D1B8-4D77-8873-18CA3BAE2250} = {566F4027-9EC8-4BFF-89ED-80ACDC592CC8}
		{7FDC4ADA-4981-4BA2-9838-9A83D5DE36BF} = {5C07C04B-D1B8-4D77-8873-18CA3BAE2250}
		{2AC0FFCF-4F55-457A-9EF8-3FD4C5FAE8B6} = {5C07C04B-D1B8-4D77-8873-18CA3BAE2250}
		{2F895772-E4A4-4F16-89E8-11DC492A1C46} = {5C07C04B-D1B8-4D77-8873-18CA3BAE2250}
		{7DB48534-4BEE-4628-A496-958FD9958FD7} = {5C07C04B-D1B8-4D77-8873-18CA3BAE2250}
		{0E044BC4-A436-41AD-A978-150D6D9B1362} = {5C07C04B-D1B8-4D77-8873-18CA3BAE2250}
		{566F4027-9EC8-4BFF-89ED-80ACDC592CC8} = {4743D69C-2D08-44CE-93DE-D00692C18D82}
		{5FDB5F32-1C08-4C4F-B099-130E93BEF4AF} = {5C07C04B-D1B8-4D77-8873-18CA3BAE2250}
		{EDC44228-2A4C-4204-9AB7-C12F1003B50D} = {5C07C04B-D1B8-4D77-8873-18CA3BAE2250}
		{58ACE775-1559-4CEF-9AFE-86F74A106EC6} = {566F4027-9EC8-4BFF-89ED-80ACDC592CC8}
		{7682A886-A59A-42D2-A904-12C111351823} = {5C07C04B-D1B8-4D77-8873-18CA3BAE2250}
		{8DB56D1B-DC7F-4B06-8F2D-341305DE37FB} = {0C2683F4-FE4F-42F8-81CD-C4A8F205250D}
		{B6AB2D7C-E860-48B1-AD48-C3D21CFB3FA8} = {8DB56D1B-DC7F-4B06-8F2D-341305DE37FB}
		{D68873B1-D0C8-44A9-A199-D688FE37FEDB} = {3AA980B4-2DE9-4067-BA64-8D130155C8A4}
	EndGlobalSection
	GlobalSection(ExtensibilityGlobals) = postSolution
		SolutionGuid = {93F9E2DF-0E8C-4BBD-8F98-7A5B2703D4D2}
	EndGlobalSection
EndGlobal
