
Microsoft Visual Studio Solution File, Format Version 12.00
# Visual Studio Version 17
VisualStudioVersion = 17.7.34202.233
MinimumVisualStudioVersion = 15.0.26124.0
Project("{2150E333-8FDC-42A3-9474-1A3956D46DE8}") = "test", "test", "{920963F4-8205-4A1E-8ED3-9467B5D94794}"
EndProject
Project("{2150E333-8FDC-42A3-9474-1A3956D46DE8}") = "app", "app", "{8BB4C4E1-0E14-46FD-9BF5-28D8A629A8E7}"
EndProject
Project("{2150E333-8FDC-42A3-9474-1A3956D46DE8}") = "lib", "lib", "{4743D69C-2D08-44CE-93DE-D00692C18D82}"
	ProjectSection(SolutionItems) = preProject
		lib\common.props = lib\common.props
	EndProjectSection
EndProject
Project("{2150E333-8FDC-42A3-9474-1A3956D46DE8}") = "script", "script", "{7B748A36-C415-494D-B3BD-B6A78EEF8737}"
	ProjectSection(SolutionItems) = preProject
		script\replace.cmd = script\replace.cmd
		script\replace.ps1 = script\replace.ps1
	EndProjectSection
EndProject
Project("{2150E333-8FDC-42A3-9474-1A3956D46DE8}") = "Solution Items", "Solution Items", "{715E3AF6-16D3-40D9-81FA-80D14F9BAE6D}"
	ProjectSection(SolutionItems) = preProject
		..\.gitignore = ..\.gitignore
		..\azure-pipelines.yml = ..\azure-pipelines.yml
		common.props = common.props
		..\readme.md = ..\readme.md
	EndProjectSection
EndProject
Project("{9A19103F-16F7-4668-BE54-9A1E7A4F7556}") = "Metaseed.Metatool", "app\Metaseed.Metatool\Metaseed.Metatool.csproj", "{5C767EA7-F0F8-46DB-ABAE-564CA48F4763}"
EndProject
Project("{9A19103F-16F7-4668-BE54-9A1E7A4F7556}") = "Metaseed.CSharpScript", "app\Metaseed.CSharpScript\Metaseed.CSharpScript.csproj", "{32AA14DA-9D01-4524-9080-A0C909F7197E}"
EndProject
Project("{2150E333-8FDC-42A3-9474-1A3956D46DE8}") = "template", "template", "{0C2683F4-FE4F-42F8-81CD-C4A8F205250D}"
EndProject
Project("{9A19103F-16F7-4668-BE54-9A1E7A4F7556}") = "Metatool.WindowsInput", "lib\Metatool.WindowsInput\Metatool.WindowsInput.csproj", "{AC6A8257-5B31-4E52-BE83-BAC199C1CEC4}"
EndProject
Project("{9A19103F-16F7-4668-BE54-9A1E7A4F7556}") = "Metatool.Script", "lib\Metatool.Script\Metatool.Script.csproj", "{08D3C886-FB48-4089-A2CB-596E851EB008}"
EndProject
Project("{9A19103F-16F7-4668-BE54-9A1E7A4F7556}") = "Metatool.Script.Runtime", "lib\Metatool.Script.Runtime\Metatool.Script.Runtime.csproj", "{782049B6-1C4F-4CD3-937A-6A8117C3B933}"
EndProject
Project("{9A19103F-16F7-4668-BE54-9A1E7A4F7556}") = "Metatool.Plugin", "lib\Metatool.Plugin\Metatool.Plugin.csproj", "{BE98BE3C-64A9-4D44-BF71-2FA9378F0C8A}"
EndProject
Project("{2150E333-8FDC-42A3-9474-1A3956D46DE8}") = "LibraryToolTemplate", "LibraryToolTemplate", "{3AA980B4-2DE9-4067-BA64-8D130155C8A4}"
	ProjectSection(SolutionItems) = preProject
		template\LibraryToolTemplate\build.ps1 = template\LibraryToolTemplate\build.ps1
		template\LibraryToolTemplate\copy.bat = template\LibraryToolTemplate\copy.bat
	EndProjectSection
EndProject
Project("{2150E333-8FDC-42A3-9474-1A3956D46DE8}") = "ScriptToolTemplate", "ScriptToolTemplate", "{8DB56D1B-DC7F-4B06-8F2D-341305DE37FB}"
EndProject
Project("{9A19103F-16F7-4668-BE54-9A1E7A4F7556}") = "Metatool.NugetPackage", "lib\Metatool.NugetPackage\Metatool.NugetPackage.csproj", "{85636EB4-2902-470D-868A-7B58840C770C}"
EndProject
Project("{2150E333-8FDC-42A3-9474-1A3956D46DE8}") = "service", "service", "{F04E87E1-835C-41FF-8B17-F488BCEC651A}"
	ProjectSection(SolutionItems) = preProject
		service\common.props = service\common.props
	EndProjectSection
EndProject
Project("{9A19103F-16F7-4668-BE54-9A1E7A4F7556}") = "Metatool.Tools.LibTool", "template\LibraryToolTemplate\Metatool.Tools.LibTool\Metatool.Tools.LibTool.csproj", "{5B73BCF3-1DCA-4B50-9933-DB3A86859548}"
EndProject
Project("{2150E333-8FDC-42A3-9474-1A3956D46DE8}") = "tool", "tool", "{A7DF5514-76E4-4F73-B40C-F1175E5B8B67}"
EndProject
Project("{9A19103F-16F7-4668-BE54-9A1E7A4F7556}") = "Metatool.Tools.ScriptTool", "template\ScriptToolTemplate\Metatool.Tools.ScriptTool.csproj", "{E964041E-BE51-49FD-BC00-F110957126B8}"
EndProject
Project("{2150E333-8FDC-42A3-9474-1A3956D46DE8}") = "IService", "IService", "{39AB1C15-8D6C-4039-8FF4-B25ADB5A1BA3}"
	ProjectSection(SolutionItems) = preProject
		service\IService\common.props = service\IService\common.props
	EndProjectSection
EndProject
Project("{9A19103F-16F7-4668-BE54-9A1E7A4F7556}") = "Metatool.Service", "service\IService\Metatool.Service\Metatool.Service.csproj", "{3EE02A16-E2C0-41C5-A6C7-BE9DD6A7672C}"
EndProject
Project("{9A19103F-16F7-4668-BE54-9A1E7A4F7556}") = "Metatool.Service.Command", "service\IService\Metatool.Service.Command\Metatool.Service.Command.csproj", "{8C8B8F45-52D2-456F-BCAE-60DA357D8137}"
EndProject
Project("{9A19103F-16F7-4668-BE54-9A1E7A4F7556}") = "Metatool.Service.Core", "service\IService\Metatool.Service.Core\Metatool.Service.Core.csproj", "{9E8DC0F0-9368-412A-8202-973AC083BE43}"
EndProject
Project("{9A19103F-16F7-4668-BE54-9A1E7A4F7556}") = "Metatool.Service.Input", "service\IService\Metatool.Service.Input\Metatool.Service.Input.csproj", "{D04EACFB-A7A1-4E80-8BF3-65E80AD5C9F1}"
EndProject
Project("{9A19103F-16F7-4668-BE54-9A1E7A4F7556}") = "Metatool.Service.MouseKeyHook", "service\IService\Metatool.Service.MouseKeyHook\Metatool.Service.MouseKeyHook.csproj", "{DFDA3343-DBDA-4264-BF27-A59617C389E8}"
EndProject
Project("{9A19103F-16F7-4668-BE54-9A1E7A4F7556}") = "Metatool.Service.NotifyIcon", "service\IService\Metatool.Service.NotifyIcon\Metatool.Service.NotifyIcon.csproj", "{77B7E55C-33CB-4C5B-9DA1-0AE7261FA6A2}"
EndProject
Project("{9A19103F-16F7-4668-BE54-9A1E7A4F7556}") = "Metatool.Service.ScreenHint", "service\IService\Metatool.Service.ScreenHint\Metatool.Service.ScreenHint.csproj", "{D8DFB3E2-DB01-4196-8771-5F7219D3E377}"
EndProject
Project("{9A19103F-16F7-4668-BE54-9A1E7A4F7556}") = "Metatool.Service.UI", "service\IService\Metatool.Service.UI\Metatool.Service.UI.csproj", "{AB8091E8-88F6-43B5-84A2-DA5E1FCF4D76}"
EndProject
Project("{9A19103F-16F7-4668-BE54-9A1E7A4F7556}") = "Metatool.Service.Utils", "service\IService\Metatool.Service.Utils\Metatool.Service.Utils.csproj", "{EE0D68D3-72B6-47B7-BCCC-16EC8DA9EA97}"
EndProject
Project("{9A19103F-16F7-4668-BE54-9A1E7A4F7556}") = "Metatool.Command", "service\Metatool.Command\Metatool.Command.csproj", "{C58F3137-5A48-4CF6-90B3-114D8917FA5B}"
EndProject
Project("{9A19103F-16F7-4668-BE54-9A1E7A4F7556}") = "Metatool.Core", "service\Metatool.Core\Metatool.Core.csproj", "{9EAC8962-608A-49C1-A508-2F58B485169E}"
EndProject
Project("{9A19103F-16F7-4668-BE54-9A1E7A4F7556}") = "Metatool.Input", "service\Metatool.Input\Metatool.Input.csproj", "{01450508-62ED-4553-BBAD-5B27214DF27C}"
EndProject
Project("{9A19103F-16F7-4668-BE54-9A1E7A4F7556}") = "Metatool.NotifyIcon", "service\Metatool.NotifyIcon\Metatool.NotifyIcon.csproj", "{1EA21895-49A0-4AFB-AFB6-A3486C7C38D8}"
EndProject
Project("{9A19103F-16F7-4668-BE54-9A1E7A4F7556}") = "Metatool.ScreenHint", "service\Metatool.ScreenHint\Metatool.ScreenHint.csproj", "{DBE3AF9E-FCDA-4D7B-823D-AD8EACB52DB0}"
EndProject
Project("{9A19103F-16F7-4668-BE54-9A1E7A4F7556}") = "Metatool.UI", "service\Metatool.UI\Metatool.UI.csproj", "{8AAA9AB7-9B20-478E-8C87-F53DCD6FFA10}"
EndProject
Project("{9A19103F-16F7-4668-BE54-9A1E7A4F7556}") = "Metatool.MouseKeyHook", "lib\Metatool.MouseKeyHook\Metatool.MouseKeyHook.csproj", "{033580A1-96B1-400E-84F1-28D1954C6F38}"
EndProject
Project("{9A19103F-16F7-4668-BE54-9A1E7A4F7556}") = "Metatool.Utils", "service\Metatool.Utils\Metatool.Utils.csproj", "{F74016DB-2D0C-4E2D-A696-6A0CD70499D1}"
EndProject
Project("{9A19103F-16F7-4668-BE54-9A1E7A4F7556}") = "Metatool.InputTests", "service\Metatool.InputTests\Metatool.InputTests.csproj", "{CA487117-379B-406C-A627-425D64BF75A9}"
EndProject
Project("{9A19103F-16F7-4668-BE54-9A1E7A4F7556}") = "Metatool.Tools.Software", "tool\Metatool.Tools.Software\Metatool.Tools.Software.csproj", "{D950EB77-02D7-455A-A939-792284143F0A}"
EndProject
Project("{9A19103F-16F7-4668-BE54-9A1E7A4F7556}") = "Metatool.Clipboard", "service\Metatool.Clipboard\Metatool.Clipboard.csproj", "{D49E40F8-E81B-4DAB-BCD4-48CC4EAAC86C}"
EndProject
Project("{9A19103F-16F7-4668-BE54-9A1E7A4F7556}") = "Metatool.Service.Clipboard", "service\IService\Metatool.Service.Clipboard\Metatool.Service.Clipboard.csproj", "{E0D1D6E2-3865-4D3E-A04F-824216405316}"
EndProject
Project("{2150E333-8FDC-42A3-9474-1A3956D46DE8}") = "others", "others", "{F88A2637-31D7-4442-A2C6-3C8EF5C066C5}"
EndProject
Project("{9A19103F-16F7-4668-BE54-9A1E7A4F7556}") = "Metatool.Tools.MetaKeyboard", "tool\Metatool.Tools.MetaKeyboard\Metatool.Tools.MetaKeyboard.csproj", "{3FBCC029-512A-44A4-8EC3-DE50B68270A3}"
EndProject
Project("{2150E333-8FDC-42A3-9474-1A3956D46DE8}") = "ScriptTemplate", "ScriptTemplate", "{75F2277D-D989-416C-86AE-6396A0FD4CF1}"
EndProject
Project("{9A19103F-16F7-4668-BE54-9A1E7A4F7556}") = "ScriptTemplate", "template\ScriptTemplate\ScriptTemplate.csproj", "{2F007561-365B-4AB3-B599-C81813F04B23}"
EndProject
Project("{9A19103F-16F7-4668-BE54-9A1E7A4F7556}") = "Metaseed.Pipeline", "lib\Pipeline\Metaseed.Pipeline\Metaseed.Pipeline.csproj", "{6A4C715A-B8FF-4269-BA1D-2C6494CD2C51}"
EndProject
Project("{9A19103F-16F7-4668-BE54-9A1E7A4F7556}") = "Metaseed.Pipeline.Test", "lib\Pipeline\Metaseed.Pipeline.Test\Metaseed.Pipeline.Test.csproj", "{2BAE83C4-561C-41AC-AE80-2276A048BFFD}"
EndProject
Project("{FAE04EC0-301F-11D3-BF4B-00C04F79EFBC}") = "LeaveSrc", "app\LeaveScr\LeaveSrc\LeaveSrc.csproj", "{1B6AF40A-DB63-40D2-80C7-5AFD3469B3A0}"
EndProject
Global
	GlobalSection(SolutionConfigurationPlatforms) = preSolution
		Debug|Any CPU = Debug|Any CPU
		Debug|ARM64 = Debug|ARM64
		Debug|x64 = Debug|x64
		Debug|x86 = Debug|x86
		Release|Any CPU = Release|Any CPU
		Release|ARM64 = Release|ARM64
		Release|x64 = Release|x64
		Release|x86 = Release|x86
	EndGlobalSection
	GlobalSection(ProjectConfigurationPlatforms) = postSolution
		{5C767EA7-F0F8-46DB-ABAE-564CA48F4763}.Debug|Any CPU.ActiveCfg = Debug|Any CPU
		{5C767EA7-F0F8-46DB-ABAE-564CA48F4763}.Debug|Any CPU.Build.0 = Debug|Any CPU
		{5C767EA7-F0F8-46DB-ABAE-564CA48F4763}.Debug|ARM64.ActiveCfg = Debug|Any CPU
		{5C767EA7-F0F8-46DB-ABAE-564CA48F4763}.Debug|ARM64.Build.0 = Debug|Any CPU
		{5C767EA7-F0F8-46DB-ABAE-564CA48F4763}.Debug|x64.ActiveCfg = Debug|Any CPU
		{5C767EA7-F0F8-46DB-ABAE-564CA48F4763}.Debug|x64.Build.0 = Debug|Any CPU
		{5C767EA7-F0F8-46DB-ABAE-564CA48F4763}.Debug|x86.ActiveCfg = Debug|Any CPU
		{5C767EA7-F0F8-46DB-ABAE-564CA48F4763}.Debug|x86.Build.0 = Debug|Any CPU
		{5C767EA7-F0F8-46DB-ABAE-564CA48F4763}.Release|Any CPU.ActiveCfg = Release|Any CPU
		{5C767EA7-F0F8-46DB-ABAE-564CA48F4763}.Release|Any CPU.Build.0 = Release|Any CPU
		{5C767EA7-F0F8-46DB-ABAE-564CA48F4763}.Release|ARM64.ActiveCfg = Release|Any CPU
		{5C767EA7-F0F8-46DB-ABAE-564CA48F4763}.Release|ARM64.Build.0 = Release|Any CPU
		{5C767EA7-F0F8-46DB-ABAE-564CA48F4763}.Release|x64.ActiveCfg = Release|Any CPU
		{5C767EA7-F0F8-46DB-ABAE-564CA48F4763}.Release|x64.Build.0 = Release|Any CPU
		{5C767EA7-F0F8-46DB-ABAE-564CA48F4763}.Release|x86.ActiveCfg = Release|Any CPU
		{5C767EA7-F0F8-46DB-ABAE-564CA48F4763}.Release|x86.Build.0 = Release|Any CPU
		{32AA14DA-9D01-4524-9080-A0C909F7197E}.Debug|Any CPU.ActiveCfg = Debug|Any CPU
		{32AA14DA-9D01-4524-9080-A0C909F7197E}.Debug|Any CPU.Build.0 = Debug|Any CPU
		{32AA14DA-9D01-4524-9080-A0C909F7197E}.Debug|ARM64.ActiveCfg = Debug|Any CPU
		{32AA14DA-9D01-4524-9080-A0C909F7197E}.Debug|ARM64.Build.0 = Debug|Any CPU
		{32AA14DA-9D01-4524-9080-A0C909F7197E}.Debug|x64.ActiveCfg = Debug|Any CPU
		{32AA14DA-9D01-4524-9080-A0C909F7197E}.Debug|x64.Build.0 = Debug|Any CPU
		{32AA14DA-9D01-4524-9080-A0C909F7197E}.Debug|x86.ActiveCfg = Debug|Any CPU
		{32AA14DA-9D01-4524-9080-A0C909F7197E}.Debug|x86.Build.0 = Debug|Any CPU
		{32AA14DA-9D01-4524-9080-A0C909F7197E}.Release|Any CPU.ActiveCfg = Release|Any CPU
		{32AA14DA-9D01-4524-9080-A0C909F7197E}.Release|Any CPU.Build.0 = Release|Any CPU
		{32AA14DA-9D01-4524-9080-A0C909F7197E}.Release|ARM64.ActiveCfg = Release|Any CPU
		{32AA14DA-9D01-4524-9080-A0C909F7197E}.Release|ARM64.Build.0 = Release|Any CPU
		{32AA14DA-9D01-4524-9080-A0C909F7197E}.Release|x64.ActiveCfg = Release|Any CPU
		{32AA14DA-9D01-4524-9080-A0C909F7197E}.Release|x64.Build.0 = Release|Any CPU
		{32AA14DA-9D01-4524-9080-A0C909F7197E}.Release|x86.ActiveCfg = Release|Any CPU
		{32AA14DA-9D01-4524-9080-A0C909F7197E}.Release|x86.Build.0 = Release|Any CPU
		{AC6A8257-5B31-4E52-BE83-BAC199C1CEC4}.Debug|Any CPU.ActiveCfg = Debug|Any CPU
		{AC6A8257-5B31-4E52-BE83-BAC199C1CEC4}.Debug|Any CPU.Build.0 = Debug|Any CPU
		{AC6A8257-5B31-4E52-BE83-BAC199C1CEC4}.Debug|ARM64.ActiveCfg = Debug|Any CPU
		{AC6A8257-5B31-4E52-BE83-BAC199C1CEC4}.Debug|ARM64.Build.0 = Debug|Any CPU
		{AC6A8257-5B31-4E52-BE83-BAC199C1CEC4}.Debug|x64.ActiveCfg = Debug|Any CPU
		{AC6A8257-5B31-4E52-BE83-BAC199C1CEC4}.Debug|x64.Build.0 = Debug|Any CPU
		{AC6A8257-5B31-4E52-BE83-BAC199C1CEC4}.Debug|x86.ActiveCfg = Debug|Any CPU
		{AC6A8257-5B31-4E52-BE83-BAC199C1CEC4}.Debug|x86.Build.0 = Debug|Any CPU
		{AC6A8257-5B31-4E52-BE83-BAC199C1CEC4}.Release|Any CPU.ActiveCfg = Release|Any CPU
		{AC6A8257-5B31-4E52-BE83-BAC199C1CEC4}.Release|Any CPU.Build.0 = Release|Any CPU
		{AC6A8257-5B31-4E52-BE83-BAC199C1CEC4}.Release|ARM64.ActiveCfg = Release|Any CPU
		{AC6A8257-5B31-4E52-BE83-BAC199C1CEC4}.Release|ARM64.Build.0 = Release|Any CPU
		{AC6A8257-5B31-4E52-BE83-BAC199C1CEC4}.Release|x64.ActiveCfg = Release|Any CPU
		{AC6A8257-5B31-4E52-BE83-BAC199C1CEC4}.Release|x64.Build.0 = Release|Any CPU
		{AC6A8257-5B31-4E52-BE83-BAC199C1CEC4}.Release|x86.ActiveCfg = Release|Any CPU
		{AC6A8257-5B31-4E52-BE83-BAC199C1CEC4}.Release|x86.Build.0 = Release|Any CPU
		{08D3C886-FB48-4089-A2CB-596E851EB008}.Debug|Any CPU.ActiveCfg = Debug|Any CPU
		{08D3C886-FB48-4089-A2CB-596E851EB008}.Debug|Any CPU.Build.0 = Debug|Any CPU
		{08D3C886-FB48-4089-A2CB-596E851EB008}.Debug|ARM64.ActiveCfg = Debug|Any CPU
		{08D3C886-FB48-4089-A2CB-596E851EB008}.Debug|ARM64.Build.0 = Debug|Any CPU
		{08D3C886-FB48-4089-A2CB-596E851EB008}.Debug|x64.ActiveCfg = Debug|Any CPU
		{08D3C886-FB48-4089-A2CB-596E851EB008}.Debug|x64.Build.0 = Debug|Any CPU
		{08D3C886-FB48-4089-A2CB-596E851EB008}.Debug|x86.ActiveCfg = Debug|Any CPU
		{08D3C886-FB48-4089-A2CB-596E851EB008}.Debug|x86.Build.0 = Debug|Any CPU
		{08D3C886-FB48-4089-A2CB-596E851EB008}.Release|Any CPU.ActiveCfg = Release|Any CPU
		{08D3C886-FB48-4089-A2CB-596E851EB008}.Release|Any CPU.Build.0 = Release|Any CPU
		{08D3C886-FB48-4089-A2CB-596E851EB008}.Release|ARM64.ActiveCfg = Release|Any CPU
		{08D3C886-FB48-4089-A2CB-596E851EB008}.Release|ARM64.Build.0 = Release|Any CPU
		{08D3C886-FB48-4089-A2CB-596E851EB008}.Release|x64.ActiveCfg = Release|Any CPU
		{08D3C886-FB48-4089-A2CB-596E851EB008}.Release|x64.Build.0 = Release|Any CPU
		{08D3C886-FB48-4089-A2CB-596E851EB008}.Release|x86.ActiveCfg = Release|Any CPU
		{08D3C886-FB48-4089-A2CB-596E851EB008}.Release|x86.Build.0 = Release|Any CPU
		{782049B6-1C4F-4CD3-937A-6A8117C3B933}.Debug|Any CPU.ActiveCfg = Debug|Any CPU
		{782049B6-1C4F-4CD3-937A-6A8117C3B933}.Debug|Any CPU.Build.0 = Debug|Any CPU
		{782049B6-1C4F-4CD3-937A-6A8117C3B933}.Debug|ARM64.ActiveCfg = Debug|Any CPU
		{782049B6-1C4F-4CD3-937A-6A8117C3B933}.Debug|ARM64.Build.0 = Debug|Any CPU
		{782049B6-1C4F-4CD3-937A-6A8117C3B933}.Debug|x64.ActiveCfg = Debug|Any CPU
		{782049B6-1C4F-4CD3-937A-6A8117C3B933}.Debug|x64.Build.0 = Debug|Any CPU
		{782049B6-1C4F-4CD3-937A-6A8117C3B933}.Debug|x86.ActiveCfg = Debug|Any CPU
		{782049B6-1C4F-4CD3-937A-6A8117C3B933}.Debug|x86.Build.0 = Debug|Any CPU
		{782049B6-1C4F-4CD3-937A-6A8117C3B933}.Release|Any CPU.ActiveCfg = Release|Any CPU
		{782049B6-1C4F-4CD3-937A-6A8117C3B933}.Release|Any CPU.Build.0 = Release|Any CPU
		{782049B6-1C4F-4CD3-937A-6A8117C3B933}.Release|ARM64.ActiveCfg = Release|Any CPU
		{782049B6-1C4F-4CD3-937A-6A8117C3B933}.Release|ARM64.Build.0 = Release|Any CPU
		{782049B6-1C4F-4CD3-937A-6A8117C3B933}.Release|x64.ActiveCfg = Release|Any CPU
		{782049B6-1C4F-4CD3-937A-6A8117C3B933}.Release|x64.Build.0 = Release|Any CPU
		{782049B6-1C4F-4CD3-937A-6A8117C3B933}.Release|x86.ActiveCfg = Release|Any CPU
		{782049B6-1C4F-4CD3-937A-6A8117C3B933}.Release|x86.Build.0 = Release|Any CPU
		{BE98BE3C-64A9-4D44-BF71-2FA9378F0C8A}.Debug|Any CPU.ActiveCfg = Debug|Any CPU
		{BE98BE3C-64A9-4D44-BF71-2FA9378F0C8A}.Debug|Any CPU.Build.0 = Debug|Any CPU
		{BE98BE3C-64A9-4D44-BF71-2FA9378F0C8A}.Debug|ARM64.ActiveCfg = Debug|Any CPU
		{BE98BE3C-64A9-4D44-BF71-2FA9378F0C8A}.Debug|ARM64.Build.0 = Debug|Any CPU
		{BE98BE3C-64A9-4D44-BF71-2FA9378F0C8A}.Debug|x64.ActiveCfg = Debug|Any CPU
		{BE98BE3C-64A9-4D44-BF71-2FA9378F0C8A}.Debug|x64.Build.0 = Debug|Any CPU
		{BE98BE3C-64A9-4D44-BF71-2FA9378F0C8A}.Debug|x86.ActiveCfg = Debug|Any CPU
		{BE98BE3C-64A9-4D44-BF71-2FA9378F0C8A}.Debug|x86.Build.0 = Debug|Any CPU
		{BE98BE3C-64A9-4D44-BF71-2FA9378F0C8A}.Release|Any CPU.ActiveCfg = Release|Any CPU
		{BE98BE3C-64A9-4D44-BF71-2FA9378F0C8A}.Release|Any CPU.Build.0 = Release|Any CPU
		{BE98BE3C-64A9-4D44-BF71-2FA9378F0C8A}.Release|ARM64.ActiveCfg = Release|Any CPU
		{BE98BE3C-64A9-4D44-BF71-2FA9378F0C8A}.Release|ARM64.Build.0 = Release|Any CPU
		{BE98BE3C-64A9-4D44-BF71-2FA9378F0C8A}.Release|x64.ActiveCfg = Release|Any CPU
		{BE98BE3C-64A9-4D44-BF71-2FA9378F0C8A}.Release|x64.Build.0 = Release|Any CPU
		{BE98BE3C-64A9-4D44-BF71-2FA9378F0C8A}.Release|x86.ActiveCfg = Release|Any CPU
		{BE98BE3C-64A9-4D44-BF71-2FA9378F0C8A}.Release|x86.Build.0 = Release|Any CPU
		{85636EB4-2902-470D-868A-7B58840C770C}.Debug|Any CPU.ActiveCfg = Debug|Any CPU
		{85636EB4-2902-470D-868A-7B58840C770C}.Debug|Any CPU.Build.0 = Debug|Any CPU
		{85636EB4-2902-470D-868A-7B58840C770C}.Debug|ARM64.ActiveCfg = Debug|Any CPU
		{85636EB4-2902-470D-868A-7B58840C770C}.Debug|ARM64.Build.0 = Debug|Any CPU
		{85636EB4-2902-470D-868A-7B58840C770C}.Debug|x64.ActiveCfg = Debug|Any CPU
		{85636EB4-2902-470D-868A-7B58840C770C}.Debug|x64.Build.0 = Debug|Any CPU
		{85636EB4-2902-470D-868A-7B58840C770C}.Debug|x86.ActiveCfg = Debug|Any CPU
		{85636EB4-2902-470D-868A-7B58840C770C}.Debug|x86.Build.0 = Debug|Any CPU
		{85636EB4-2902-470D-868A-7B58840C770C}.Release|Any CPU.ActiveCfg = Release|Any CPU
		{85636EB4-2902-470D-868A-7B58840C770C}.Release|Any CPU.Build.0 = Release|Any CPU
		{85636EB4-2902-470D-868A-7B58840C770C}.Release|ARM64.ActiveCfg = Release|Any CPU
		{85636EB4-2902-470D-868A-7B58840C770C}.Release|ARM64.Build.0 = Release|Any CPU
		{85636EB4-2902-470D-868A-7B58840C770C}.Release|x64.ActiveCfg = Release|Any CPU
		{85636EB4-2902-470D-868A-7B58840C770C}.Release|x64.Build.0 = Release|Any CPU
		{85636EB4-2902-470D-868A-7B58840C770C}.Release|x86.ActiveCfg = Release|Any CPU
		{85636EB4-2902-470D-868A-7B58840C770C}.Release|x86.Build.0 = Release|Any CPU
		{5B73BCF3-1DCA-4B50-9933-DB3A86859548}.Debug|Any CPU.ActiveCfg = Debug|Any CPU
		{5B73BCF3-1DCA-4B50-9933-DB3A86859548}.Debug|Any CPU.Build.0 = Debug|Any CPU
		{5B73BCF3-1DCA-4B50-9933-DB3A86859548}.Debug|ARM64.ActiveCfg = Debug|Any CPU
		{5B73BCF3-1DCA-4B50-9933-DB3A86859548}.Debug|ARM64.Build.0 = Debug|Any CPU
		{5B73BCF3-1DCA-4B50-9933-DB3A86859548}.Debug|x64.ActiveCfg = Debug|Any CPU
		{5B73BCF3-1DCA-4B50-9933-DB3A86859548}.Debug|x64.Build.0 = Debug|Any CPU
		{5B73BCF3-1DCA-4B50-9933-DB3A86859548}.Debug|x86.ActiveCfg = Debug|Any CPU
		{5B73BCF3-1DCA-4B50-9933-DB3A86859548}.Debug|x86.Build.0 = Debug|Any CPU
		{5B73BCF3-1DCA-4B50-9933-DB3A86859548}.Release|Any CPU.ActiveCfg = Release|Any CPU
		{5B73BCF3-1DCA-4B50-9933-DB3A86859548}.Release|Any CPU.Build.0 = Release|Any CPU
		{5B73BCF3-1DCA-4B50-9933-DB3A86859548}.Release|ARM64.ActiveCfg = Release|Any CPU
		{5B73BCF3-1DCA-4B50-9933-DB3A86859548}.Release|ARM64.Build.0 = Release|Any CPU
		{5B73BCF3-1DCA-4B50-9933-DB3A86859548}.Release|x64.ActiveCfg = Release|Any CPU
		{5B73BCF3-1DCA-4B50-9933-DB3A86859548}.Release|x64.Build.0 = Release|Any CPU
		{5B73BCF3-1DCA-4B50-9933-DB3A86859548}.Release|x86.ActiveCfg = Release|Any CPU
		{5B73BCF3-1DCA-4B50-9933-DB3A86859548}.Release|x86.Build.0 = Release|Any CPU
		{E964041E-BE51-49FD-BC00-F110957126B8}.Debug|Any CPU.ActiveCfg = Debug|Any CPU
		{E964041E-BE51-49FD-BC00-F110957126B8}.Debug|Any CPU.Build.0 = Debug|Any CPU
		{E964041E-BE51-49FD-BC00-F110957126B8}.Debug|ARM64.ActiveCfg = Debug|Any CPU
		{E964041E-BE51-49FD-BC00-F110957126B8}.Debug|ARM64.Build.0 = Debug|Any CPU
		{E964041E-BE51-49FD-BC00-F110957126B8}.Debug|x64.ActiveCfg = Debug|Any CPU
		{E964041E-BE51-49FD-BC00-F110957126B8}.Debug|x64.Build.0 = Debug|Any CPU
		{E964041E-BE51-49FD-BC00-F110957126B8}.Debug|x86.ActiveCfg = Debug|Any CPU
		{E964041E-BE51-49FD-BC00-F110957126B8}.Debug|x86.Build.0 = Debug|Any CPU
		{E964041E-BE51-49FD-BC00-F110957126B8}.Release|Any CPU.ActiveCfg = Release|Any CPU
		{E964041E-BE51-49FD-BC00-F110957126B8}.Release|Any CPU.Build.0 = Release|Any CPU
		{E964041E-BE51-49FD-BC00-F110957126B8}.Release|ARM64.ActiveCfg = Release|Any CPU
		{E964041E-BE51-49FD-BC00-F110957126B8}.Release|ARM64.Build.0 = Release|Any CPU
		{E964041E-BE51-49FD-BC00-F110957126B8}.Release|x64.ActiveCfg = Release|Any CPU
		{E964041E-BE51-49FD-BC00-F110957126B8}.Release|x64.Build.0 = Release|Any CPU
		{E964041E-BE51-49FD-BC00-F110957126B8}.Release|x86.ActiveCfg = Release|Any CPU
		{E964041E-BE51-49FD-BC00-F110957126B8}.Release|x86.Build.0 = Release|Any CPU
		{3EE02A16-E2C0-41C5-A6C7-BE9DD6A7672C}.Debug|Any CPU.ActiveCfg = Debug|Any CPU
		{3EE02A16-E2C0-41C5-A6C7-BE9DD6A7672C}.Debug|Any CPU.Build.0 = Debug|Any CPU
		{3EE02A16-E2C0-41C5-A6C7-BE9DD6A7672C}.Debug|ARM64.ActiveCfg = Debug|Any CPU
		{3EE02A16-E2C0-41C5-A6C7-BE9DD6A7672C}.Debug|ARM64.Build.0 = Debug|Any CPU
		{3EE02A16-E2C0-41C5-A6C7-BE9DD6A7672C}.Debug|x64.ActiveCfg = Debug|Any CPU
		{3EE02A16-E2C0-41C5-A6C7-BE9DD6A7672C}.Debug|x64.Build.0 = Debug|Any CPU
		{3EE02A16-E2C0-41C5-A6C7-BE9DD6A7672C}.Debug|x86.ActiveCfg = Debug|Any CPU
		{3EE02A16-E2C0-41C5-A6C7-BE9DD6A7672C}.Debug|x86.Build.0 = Debug|Any CPU
		{3EE02A16-E2C0-41C5-A6C7-BE9DD6A7672C}.Release|Any CPU.ActiveCfg = Release|Any CPU
		{3EE02A16-E2C0-41C5-A6C7-BE9DD6A7672C}.Release|Any CPU.Build.0 = Release|Any CPU
		{3EE02A16-E2C0-41C5-A6C7-BE9DD6A7672C}.Release|ARM64.ActiveCfg = Release|Any CPU
		{3EE02A16-E2C0-41C5-A6C7-BE9DD6A7672C}.Release|ARM64.Build.0 = Release|Any CPU
		{3EE02A16-E2C0-41C5-A6C7-BE9DD6A7672C}.Release|x64.ActiveCfg = Release|Any CPU
		{3EE02A16-E2C0-41C5-A6C7-BE9DD6A7672C}.Release|x64.Build.0 = Release|Any CPU
		{3EE02A16-E2C0-41C5-A6C7-BE9DD6A7672C}.Release|x86.ActiveCfg = Release|Any CPU
		{3EE02A16-E2C0-41C5-A6C7-BE9DD6A7672C}.Release|x86.Build.0 = Release|Any CPU
		{8C8B8F45-52D2-456F-BCAE-60DA357D8137}.Debug|Any CPU.ActiveCfg = Debug|Any CPU
		{8C8B8F45-52D2-456F-BCAE-60DA357D8137}.Debug|Any CPU.Build.0 = Debug|Any CPU
		{8C8B8F45-52D2-456F-BCAE-60DA357D8137}.Debug|ARM64.ActiveCfg = Debug|Any CPU
		{8C8B8F45-52D2-456F-BCAE-60DA357D8137}.Debug|ARM64.Build.0 = Debug|Any CPU
		{8C8B8F45-52D2-456F-BCAE-60DA357D8137}.Debug|x64.ActiveCfg = Debug|Any CPU
		{8C8B8F45-52D2-456F-BCAE-60DA357D8137}.Debug|x64.Build.0 = Debug|Any CPU
		{8C8B8F45-52D2-456F-BCAE-60DA357D8137}.Debug|x86.ActiveCfg = Debug|Any CPU
		{8C8B8F45-52D2-456F-BCAE-60DA357D8137}.Debug|x86.Build.0 = Debug|Any CPU
		{8C8B8F45-52D2-456F-BCAE-60DA357D8137}.Release|Any CPU.ActiveCfg = Release|Any CPU
		{8C8B8F45-52D2-456F-BCAE-60DA357D8137}.Release|Any CPU.Build.0 = Release|Any CPU
		{8C8B8F45-52D2-456F-BCAE-60DA357D8137}.Release|ARM64.ActiveCfg = Release|Any CPU
		{8C8B8F45-52D2-456F-BCAE-60DA357D8137}.Release|ARM64.Build.0 = Release|Any CPU
		{8C8B8F45-52D2-456F-BCAE-60DA357D8137}.Release|x64.ActiveCfg = Release|Any CPU
		{8C8B8F45-52D2-456F-BCAE-60DA357D8137}.Release|x64.Build.0 = Release|Any CPU
		{8C8B8F45-52D2-456F-BCAE-60DA357D8137}.Release|x86.ActiveCfg = Release|Any CPU
		{8C8B8F45-52D2-456F-BCAE-60DA357D8137}.Release|x86.Build.0 = Release|Any CPU
		{9E8DC0F0-9368-412A-8202-973AC083BE43}.Debug|Any CPU.ActiveCfg = Debug|Any CPU
		{9E8DC0F0-9368-412A-8202-973AC083BE43}.Debug|Any CPU.Build.0 = Debug|Any CPU
		{9E8DC0F0-9368-412A-8202-973AC083BE43}.Debug|ARM64.ActiveCfg = Debug|Any CPU
		{9E8DC0F0-9368-412A-8202-973AC083BE43}.Debug|ARM64.Build.0 = Debug|Any CPU
		{9E8DC0F0-9368-412A-8202-973AC083BE43}.Debug|x64.ActiveCfg = Debug|Any CPU
		{9E8DC0F0-9368-412A-8202-973AC083BE43}.Debug|x64.Build.0 = Debug|Any CPU
		{9E8DC0F0-9368-412A-8202-973AC083BE43}.Debug|x86.ActiveCfg = Debug|Any CPU
		{9E8DC0F0-9368-412A-8202-973AC083BE43}.Debug|x86.Build.0 = Debug|Any CPU
		{9E8DC0F0-9368-412A-8202-973AC083BE43}.Release|Any CPU.ActiveCfg = Release|Any CPU
		{9E8DC0F0-9368-412A-8202-973AC083BE43}.Release|Any CPU.Build.0 = Release|Any CPU
		{9E8DC0F0-9368-412A-8202-973AC083BE43}.Release|ARM64.ActiveCfg = Release|Any CPU
		{9E8DC0F0-9368-412A-8202-973AC083BE43}.Release|ARM64.Build.0 = Release|Any CPU
		{9E8DC0F0-9368-412A-8202-973AC083BE43}.Release|x64.ActiveCfg = Release|Any CPU
		{9E8DC0F0-9368-412A-8202-973AC083BE43}.Release|x64.Build.0 = Release|Any CPU
		{9E8DC0F0-9368-412A-8202-973AC083BE43}.Release|x86.ActiveCfg = Release|Any CPU
		{9E8DC0F0-9368-412A-8202-973AC083BE43}.Release|x86.Build.0 = Release|Any CPU
		{D04EACFB-A7A1-4E80-8BF3-65E80AD5C9F1}.Debug|Any CPU.ActiveCfg = Debug|Any CPU
		{D04EACFB-A7A1-4E80-8BF3-65E80AD5C9F1}.Debug|Any CPU.Build.0 = Debug|Any CPU
		{D04EACFB-A7A1-4E80-8BF3-65E80AD5C9F1}.Debug|ARM64.ActiveCfg = Debug|Any CPU
		{D04EACFB-A7A1-4E80-8BF3-65E80AD5C9F1}.Debug|ARM64.Build.0 = Debug|Any CPU
		{D04EACFB-A7A1-4E80-8BF3-65E80AD5C9F1}.Debug|x64.ActiveCfg = Debug|Any CPU
		{D04EACFB-A7A1-4E80-8BF3-65E80AD5C9F1}.Debug|x64.Build.0 = Debug|Any CPU
		{D04EACFB-A7A1-4E80-8BF3-65E80AD5C9F1}.Debug|x86.ActiveCfg = Debug|Any CPU
		{D04EACFB-A7A1-4E80-8BF3-65E80AD5C9F1}.Debug|x86.Build.0 = Debug|Any CPU
		{D04EACFB-A7A1-4E80-8BF3-65E80AD5C9F1}.Release|Any CPU.ActiveCfg = Release|Any CPU
		{D04EACFB-A7A1-4E80-8BF3-65E80AD5C9F1}.Release|Any CPU.Build.0 = Release|Any CPU
		{D04EACFB-A7A1-4E80-8BF3-65E80AD5C9F1}.Release|ARM64.ActiveCfg = Release|Any CPU
		{D04EACFB-A7A1-4E80-8BF3-65E80AD5C9F1}.Release|ARM64.Build.0 = Release|Any CPU
		{D04EACFB-A7A1-4E80-8BF3-65E80AD5C9F1}.Release|x64.ActiveCfg = Release|Any CPU
		{D04EACFB-A7A1-4E80-8BF3-65E80AD5C9F1}.Release|x64.Build.0 = Release|Any CPU
		{D04EACFB-A7A1-4E80-8BF3-65E80AD5C9F1}.Release|x86.ActiveCfg = Release|Any CPU
		{D04EACFB-A7A1-4E80-8BF3-65E80AD5C9F1}.Release|x86.Build.0 = Release|Any CPU
		{DFDA3343-DBDA-4264-BF27-A59617C389E8}.Debug|Any CPU.ActiveCfg = Debug|Any CPU
		{DFDA3343-DBDA-4264-BF27-A59617C389E8}.Debug|Any CPU.Build.0 = Debug|Any CPU
		{DFDA3343-DBDA-4264-BF27-A59617C389E8}.Debug|ARM64.ActiveCfg = Debug|Any CPU
		{DFDA3343-DBDA-4264-BF27-A59617C389E8}.Debug|ARM64.Build.0 = Debug|Any CPU
		{DFDA3343-DBDA-4264-BF27-A59617C389E8}.Debug|x64.ActiveCfg = Debug|Any CPU
		{DFDA3343-DBDA-4264-BF27-A59617C389E8}.Debug|x64.Build.0 = Debug|Any CPU
		{DFDA3343-DBDA-4264-BF27-A59617C389E8}.Debug|x86.ActiveCfg = Debug|Any CPU
		{DFDA3343-DBDA-4264-BF27-A59617C389E8}.Debug|x86.Build.0 = Debug|Any CPU
		{DFDA3343-DBDA-4264-BF27-A59617C389E8}.Release|Any CPU.ActiveCfg = Release|Any CPU
		{DFDA3343-DBDA-4264-BF27-A59617C389E8}.Release|Any CPU.Build.0 = Release|Any CPU
		{DFDA3343-DBDA-4264-BF27-A59617C389E8}.Release|ARM64.ActiveCfg = Release|Any CPU
		{DFDA3343-DBDA-4264-BF27-A59617C389E8}.Release|ARM64.Build.0 = Release|Any CPU
		{DFDA3343-DBDA-4264-BF27-A59617C389E8}.Release|x64.ActiveCfg = Release|Any CPU
		{DFDA3343-DBDA-4264-BF27-A59617C389E8}.Release|x64.Build.0 = Release|Any CPU
		{DFDA3343-DBDA-4264-BF27-A59617C389E8}.Release|x86.ActiveCfg = Release|Any CPU
		{DFDA3343-DBDA-4264-BF27-A59617C389E8}.Release|x86.Build.0 = Release|Any CPU
		{77B7E55C-33CB-4C5B-9DA1-0AE7261FA6A2}.Debug|Any CPU.ActiveCfg = Debug|Any CPU
		{77B7E55C-33CB-4C5B-9DA1-0AE7261FA6A2}.Debug|Any CPU.Build.0 = Debug|Any CPU
		{77B7E55C-33CB-4C5B-9DA1-0AE7261FA6A2}.Debug|ARM64.ActiveCfg = Debug|Any CPU
		{77B7E55C-33CB-4C5B-9DA1-0AE7261FA6A2}.Debug|ARM64.Build.0 = Debug|Any CPU
		{77B7E55C-33CB-4C5B-9DA1-0AE7261FA6A2}.Debug|x64.ActiveCfg = Debug|Any CPU
		{77B7E55C-33CB-4C5B-9DA1-0AE7261FA6A2}.Debug|x64.Build.0 = Debug|Any CPU
		{77B7E55C-33CB-4C5B-9DA1-0AE7261FA6A2}.Debug|x86.ActiveCfg = Debug|Any CPU
		{77B7E55C-33CB-4C5B-9DA1-0AE7261FA6A2}.Debug|x86.Build.0 = Debug|Any CPU
		{77B7E55C-33CB-4C5B-9DA1-0AE7261FA6A2}.Release|Any CPU.ActiveCfg = Release|Any CPU
		{77B7E55C-33CB-4C5B-9DA1-0AE7261FA6A2}.Release|Any CPU.Build.0 = Release|Any CPU
		{77B7E55C-33CB-4C5B-9DA1-0AE7261FA6A2}.Release|ARM64.ActiveCfg = Release|Any CPU
		{77B7E55C-33CB-4C5B-9DA1-0AE7261FA6A2}.Release|ARM64.Build.0 = Release|Any CPU
		{77B7E55C-33CB-4C5B-9DA1-0AE7261FA6A2}.Release|x64.ActiveCfg = Release|Any CPU
		{77B7E55C-33CB-4C5B-9DA1-0AE7261FA6A2}.Release|x64.Build.0 = Release|Any CPU
		{77B7E55C-33CB-4C5B-9DA1-0AE7261FA6A2}.Release|x86.ActiveCfg = Release|Any CPU
		{77B7E55C-33CB-4C5B-9DA1-0AE7261FA6A2}.Release|x86.Build.0 = Release|Any CPU
		{D8DFB3E2-DB01-4196-8771-5F7219D3E377}.Debug|Any CPU.ActiveCfg = Debug|Any CPU
		{D8DFB3E2-DB01-4196-8771-5F7219D3E377}.Debug|Any CPU.Build.0 = Debug|Any CPU
		{D8DFB3E2-DB01-4196-8771-5F7219D3E377}.Debug|ARM64.ActiveCfg = Debug|Any CPU
		{D8DFB3E2-DB01-4196-8771-5F7219D3E377}.Debug|ARM64.Build.0 = Debug|Any CPU
		{D8DFB3E2-DB01-4196-8771-5F7219D3E377}.Debug|x64.ActiveCfg = Debug|Any CPU
		{D8DFB3E2-DB01-4196-8771-5F7219D3E377}.Debug|x64.Build.0 = Debug|Any CPU
		{D8DFB3E2-DB01-4196-8771-5F7219D3E377}.Debug|x86.ActiveCfg = Debug|Any CPU
		{D8DFB3E2-DB01-4196-8771-5F7219D3E377}.Debug|x86.Build.0 = Debug|Any CPU
		{D8DFB3E2-DB01-4196-8771-5F7219D3E377}.Release|Any CPU.ActiveCfg = Release|Any CPU
		{D8DFB3E2-DB01-4196-8771-5F7219D3E377}.Release|Any CPU.Build.0 = Release|Any CPU
		{D8DFB3E2-DB01-4196-8771-5F7219D3E377}.Release|ARM64.ActiveCfg = Release|Any CPU
		{D8DFB3E2-DB01-4196-8771-5F7219D3E377}.Release|ARM64.Build.0 = Release|Any CPU
		{D8DFB3E2-DB01-4196-8771-5F7219D3E377}.Release|x64.ActiveCfg = Release|Any CPU
		{D8DFB3E2-DB01-4196-8771-5F7219D3E377}.Release|x64.Build.0 = Release|Any CPU
		{D8DFB3E2-DB01-4196-8771-5F7219D3E377}.Release|x86.ActiveCfg = Release|Any CPU
		{D8DFB3E2-DB01-4196-8771-5F7219D3E377}.Release|x86.Build.0 = Release|Any CPU
		{AB8091E8-88F6-43B5-84A2-DA5E1FCF4D76}.Debug|Any CPU.ActiveCfg = Debug|Any CPU
		{AB8091E8-88F6-43B5-84A2-DA5E1FCF4D76}.Debug|Any CPU.Build.0 = Debug|Any CPU
		{AB8091E8-88F6-43B5-84A2-DA5E1FCF4D76}.Debug|ARM64.ActiveCfg = Debug|Any CPU
		{AB8091E8-88F6-43B5-84A2-DA5E1FCF4D76}.Debug|ARM64.Build.0 = Debug|Any CPU
		{AB8091E8-88F6-43B5-84A2-DA5E1FCF4D76}.Debug|x64.ActiveCfg = Debug|Any CPU
		{AB8091E8-88F6-43B5-84A2-DA5E1FCF4D76}.Debug|x64.Build.0 = Debug|Any CPU
		{AB8091E8-88F6-43B5-84A2-DA5E1FCF4D76}.Debug|x86.ActiveCfg = Debug|Any CPU
		{AB8091E8-88F6-43B5-84A2-DA5E1FCF4D76}.Debug|x86.Build.0 = Debug|Any CPU
		{AB8091E8-88F6-43B5-84A2-DA5E1FCF4D76}.Release|Any CPU.ActiveCfg = Release|Any CPU
		{AB8091E8-88F6-43B5-84A2-DA5E1FCF4D76}.Release|Any CPU.Build.0 = Release|Any CPU
		{AB8091E8-88F6-43B5-84A2-DA5E1FCF4D76}.Release|ARM64.ActiveCfg = Release|Any CPU
		{AB8091E8-88F6-43B5-84A2-DA5E1FCF4D76}.Release|ARM64.Build.0 = Release|Any CPU
		{AB8091E8-88F6-43B5-84A2-DA5E1FCF4D76}.Release|x64.ActiveCfg = Release|Any CPU
		{AB8091E8-88F6-43B5-84A2-DA5E1FCF4D76}.Release|x64.Build.0 = Release|Any CPU
		{AB8091E8-88F6-43B5-84A2-DA5E1FCF4D76}.Release|x86.ActiveCfg = Release|Any CPU
		{AB8091E8-88F6-43B5-84A2-DA5E1FCF4D76}.Release|x86.Build.0 = Release|Any CPU
		{EE0D68D3-72B6-47B7-BCCC-16EC8DA9EA97}.Debug|Any CPU.ActiveCfg = Debug|Any CPU
		{EE0D68D3-72B6-47B7-BCCC-16EC8DA9EA97}.Debug|Any CPU.Build.0 = Debug|Any CPU
		{EE0D68D3-72B6-47B7-BCCC-16EC8DA9EA97}.Debug|ARM64.ActiveCfg = Debug|Any CPU
		{EE0D68D3-72B6-47B7-BCCC-16EC8DA9EA97}.Debug|ARM64.Build.0 = Debug|Any CPU
		{EE0D68D3-72B6-47B7-BCCC-16EC8DA9EA97}.Debug|x64.ActiveCfg = Debug|Any CPU
		{EE0D68D3-72B6-47B7-BCCC-16EC8DA9EA97}.Debug|x64.Build.0 = Debug|Any CPU
		{EE0D68D3-72B6-47B7-BCCC-16EC8DA9EA97}.Debug|x86.ActiveCfg = Debug|Any CPU
		{EE0D68D3-72B6-47B7-BCCC-16EC8DA9EA97}.Debug|x86.Build.0 = Debug|Any CPU
		{EE0D68D3-72B6-47B7-BCCC-16EC8DA9EA97}.Release|Any CPU.ActiveCfg = Release|Any CPU
		{EE0D68D3-72B6-47B7-BCCC-16EC8DA9EA97}.Release|Any CPU.Build.0 = Release|Any CPU
		{EE0D68D3-72B6-47B7-BCCC-16EC8DA9EA97}.Release|ARM64.ActiveCfg = Release|Any CPU
		{EE0D68D3-72B6-47B7-BCCC-16EC8DA9EA97}.Release|ARM64.Build.0 = Release|Any CPU
		{EE0D68D3-72B6-47B7-BCCC-16EC8DA9EA97}.Release|x64.ActiveCfg = Release|Any CPU
		{EE0D68D3-72B6-47B7-BCCC-16EC8DA9EA97}.Release|x64.Build.0 = Release|Any CPU
		{EE0D68D3-72B6-47B7-BCCC-16EC8DA9EA97}.Release|x86.ActiveCfg = Release|Any CPU
		{EE0D68D3-72B6-47B7-BCCC-16EC8DA9EA97}.Release|x86.Build.0 = Release|Any CPU
		{C58F3137-5A48-4CF6-90B3-114D8917FA5B}.Debug|Any CPU.ActiveCfg = Debug|Any CPU
		{C58F3137-5A48-4CF6-90B3-114D8917FA5B}.Debug|Any CPU.Build.0 = Debug|Any CPU
		{C58F3137-5A48-4CF6-90B3-114D8917FA5B}.Debug|ARM64.ActiveCfg = Debug|Any CPU
		{C58F3137-5A48-4CF6-90B3-114D8917FA5B}.Debug|ARM64.Build.0 = Debug|Any CPU
		{C58F3137-5A48-4CF6-90B3-114D8917FA5B}.Debug|x64.ActiveCfg = Debug|Any CPU
		{C58F3137-5A48-4CF6-90B3-114D8917FA5B}.Debug|x64.Build.0 = Debug|Any CPU
		{C58F3137-5A48-4CF6-90B3-114D8917FA5B}.Debug|x86.ActiveCfg = Debug|Any CPU
		{C58F3137-5A48-4CF6-90B3-114D8917FA5B}.Debug|x86.Build.0 = Debug|Any CPU
		{C58F3137-5A48-4CF6-90B3-114D8917FA5B}.Release|Any CPU.ActiveCfg = Release|Any CPU
		{C58F3137-5A48-4CF6-90B3-114D8917FA5B}.Release|Any CPU.Build.0 = Release|Any CPU
		{C58F3137-5A48-4CF6-90B3-114D8917FA5B}.Release|ARM64.ActiveCfg = Release|Any CPU
		{C58F3137-5A48-4CF6-90B3-114D8917FA5B}.Release|ARM64.Build.0 = Release|Any CPU
		{C58F3137-5A48-4CF6-90B3-114D8917FA5B}.Release|x64.ActiveCfg = Release|Any CPU
		{C58F3137-5A48-4CF6-90B3-114D8917FA5B}.Release|x64.Build.0 = Release|Any CPU
		{C58F3137-5A48-4CF6-90B3-114D8917FA5B}.Release|x86.ActiveCfg = Release|Any CPU
		{C58F3137-5A48-4CF6-90B3-114D8917FA5B}.Release|x86.Build.0 = Release|Any CPU
		{9EAC8962-608A-49C1-A508-2F58B485169E}.Debug|Any CPU.ActiveCfg = Debug|Any CPU
		{9EAC8962-608A-49C1-A508-2F58B485169E}.Debug|Any CPU.Build.0 = Debug|Any CPU
		{9EAC8962-608A-49C1-A508-2F58B485169E}.Debug|ARM64.ActiveCfg = Debug|Any CPU
		{9EAC8962-608A-49C1-A508-2F58B485169E}.Debug|ARM64.Build.0 = Debug|Any CPU
		{9EAC8962-608A-49C1-A508-2F58B485169E}.Debug|x64.ActiveCfg = Debug|Any CPU
		{9EAC8962-608A-49C1-A508-2F58B485169E}.Debug|x64.Build.0 = Debug|Any CPU
		{9EAC8962-608A-49C1-A508-2F58B485169E}.Debug|x86.ActiveCfg = Debug|Any CPU
		{9EAC8962-608A-49C1-A508-2F58B485169E}.Debug|x86.Build.0 = Debug|Any CPU
		{9EAC8962-608A-49C1-A508-2F58B485169E}.Release|Any CPU.ActiveCfg = Release|Any CPU
		{9EAC8962-608A-49C1-A508-2F58B485169E}.Release|Any CPU.Build.0 = Release|Any CPU
		{9EAC8962-608A-49C1-A508-2F58B485169E}.Release|ARM64.ActiveCfg = Release|Any CPU
		{9EAC8962-608A-49C1-A508-2F58B485169E}.Release|ARM64.Build.0 = Release|Any CPU
		{9EAC8962-608A-49C1-A508-2F58B485169E}.Release|x64.ActiveCfg = Release|Any CPU
		{9EAC8962-608A-49C1-A508-2F58B485169E}.Release|x64.Build.0 = Release|Any CPU
		{9EAC8962-608A-49C1-A508-2F58B485169E}.Release|x86.ActiveCfg = Release|Any CPU
		{9EAC8962-608A-49C1-A508-2F58B485169E}.Release|x86.Build.0 = Release|Any CPU
		{01450508-62ED-4553-BBAD-5B27214DF27C}.Debug|Any CPU.ActiveCfg = Debug|Any CPU
		{01450508-62ED-4553-BBAD-5B27214DF27C}.Debug|Any CPU.Build.0 = Debug|Any CPU
		{01450508-62ED-4553-BBAD-5B27214DF27C}.Debug|ARM64.ActiveCfg = Debug|Any CPU
		{01450508-62ED-4553-BBAD-5B27214DF27C}.Debug|ARM64.Build.0 = Debug|Any CPU
		{01450508-62ED-4553-BBAD-5B27214DF27C}.Debug|x64.ActiveCfg = Debug|Any CPU
		{01450508-62ED-4553-BBAD-5B27214DF27C}.Debug|x64.Build.0 = Debug|Any CPU
		{01450508-62ED-4553-BBAD-5B27214DF27C}.Debug|x86.ActiveCfg = Debug|Any CPU
		{01450508-62ED-4553-BBAD-5B27214DF27C}.Debug|x86.Build.0 = Debug|Any CPU
		{01450508-62ED-4553-BBAD-5B27214DF27C}.Release|Any CPU.ActiveCfg = Release|Any CPU
		{01450508-62ED-4553-BBAD-5B27214DF27C}.Release|Any CPU.Build.0 = Release|Any CPU
		{01450508-62ED-4553-BBAD-5B27214DF27C}.Release|ARM64.ActiveCfg = Release|Any CPU
		{01450508-62ED-4553-BBAD-5B27214DF27C}.Release|ARM64.Build.0 = Release|Any CPU
		{01450508-62ED-4553-BBAD-5B27214DF27C}.Release|x64.ActiveCfg = Release|Any CPU
		{01450508-62ED-4553-BBAD-5B27214DF27C}.Release|x64.Build.0 = Release|Any CPU
		{01450508-62ED-4553-BBAD-5B27214DF27C}.Release|x86.ActiveCfg = Release|Any CPU
		{01450508-62ED-4553-BBAD-5B27214DF27C}.Release|x86.Build.0 = Release|Any CPU
		{1EA21895-49A0-4AFB-AFB6-A3486C7C38D8}.Debug|Any CPU.ActiveCfg = Debug|Any CPU
		{1EA21895-49A0-4AFB-AFB6-A3486C7C38D8}.Debug|Any CPU.Build.0 = Debug|Any CPU
		{1EA21895-49A0-4AFB-AFB6-A3486C7C38D8}.Debug|ARM64.ActiveCfg = Debug|Any CPU
		{1EA21895-49A0-4AFB-AFB6-A3486C7C38D8}.Debug|ARM64.Build.0 = Debug|Any CPU
		{1EA21895-49A0-4AFB-AFB6-A3486C7C38D8}.Debug|x64.ActiveCfg = Debug|Any CPU
		{1EA21895-49A0-4AFB-AFB6-A3486C7C38D8}.Debug|x64.Build.0 = Debug|Any CPU
		{1EA21895-49A0-4AFB-AFB6-A3486C7C38D8}.Debug|x86.ActiveCfg = Debug|Any CPU
		{1EA21895-49A0-4AFB-AFB6-A3486C7C38D8}.Debug|x86.Build.0 = Debug|Any CPU
		{1EA21895-49A0-4AFB-AFB6-A3486C7C38D8}.Release|Any CPU.ActiveCfg = Release|Any CPU
		{1EA21895-49A0-4AFB-AFB6-A3486C7C38D8}.Release|Any CPU.Build.0 = Release|Any CPU
		{1EA21895-49A0-4AFB-AFB6-A3486C7C38D8}.Release|ARM64.ActiveCfg = Release|Any CPU
		{1EA21895-49A0-4AFB-AFB6-A3486C7C38D8}.Release|ARM64.Build.0 = Release|Any CPU
		{1EA21895-49A0-4AFB-AFB6-A3486C7C38D8}.Release|x64.ActiveCfg = Release|Any CPU
		{1EA21895-49A0-4AFB-AFB6-A3486C7C38D8}.Release|x64.Build.0 = Release|Any CPU
		{1EA21895-49A0-4AFB-AFB6-A3486C7C38D8}.Release|x86.ActiveCfg = Release|Any CPU
		{1EA21895-49A0-4AFB-AFB6-A3486C7C38D8}.Release|x86.Build.0 = Release|Any CPU
		{DBE3AF9E-FCDA-4D7B-823D-AD8EACB52DB0}.Debug|Any CPU.ActiveCfg = Debug|Any CPU
		{DBE3AF9E-FCDA-4D7B-823D-AD8EACB52DB0}.Debug|Any CPU.Build.0 = Debug|Any CPU
		{DBE3AF9E-FCDA-4D7B-823D-AD8EACB52DB0}.Debug|ARM64.ActiveCfg = Debug|Any CPU
		{DBE3AF9E-FCDA-4D7B-823D-AD8EACB52DB0}.Debug|ARM64.Build.0 = Debug|Any CPU
		{DBE3AF9E-FCDA-4D7B-823D-AD8EACB52DB0}.Debug|x64.ActiveCfg = Debug|Any CPU
		{DBE3AF9E-FCDA-4D7B-823D-AD8EACB52DB0}.Debug|x64.Build.0 = Debug|Any CPU
		{DBE3AF9E-FCDA-4D7B-823D-AD8EACB52DB0}.Debug|x86.ActiveCfg = Debug|Any CPU
		{DBE3AF9E-FCDA-4D7B-823D-AD8EACB52DB0}.Debug|x86.Build.0 = Debug|Any CPU
		{DBE3AF9E-FCDA-4D7B-823D-AD8EACB52DB0}.Release|Any CPU.ActiveCfg = Release|Any CPU
		{DBE3AF9E-FCDA-4D7B-823D-AD8EACB52DB0}.Release|Any CPU.Build.0 = Release|Any CPU
		{DBE3AF9E-FCDA-4D7B-823D-AD8EACB52DB0}.Release|ARM64.ActiveCfg = Release|Any CPU
		{DBE3AF9E-FCDA-4D7B-823D-AD8EACB52DB0}.Release|ARM64.Build.0 = Release|Any CPU
		{DBE3AF9E-FCDA-4D7B-823D-AD8EACB52DB0}.Release|x64.ActiveCfg = Release|Any CPU
		{DBE3AF9E-FCDA-4D7B-823D-AD8EACB52DB0}.Release|x64.Build.0 = Release|Any CPU
		{DBE3AF9E-FCDA-4D7B-823D-AD8EACB52DB0}.Release|x86.ActiveCfg = Release|Any CPU
		{DBE3AF9E-FCDA-4D7B-823D-AD8EACB52DB0}.Release|x86.Build.0 = Release|Any CPU
		{8AAA9AB7-9B20-478E-8C87-F53DCD6FFA10}.Debug|Any CPU.ActiveCfg = Debug|Any CPU
		{8AAA9AB7-9B20-478E-8C87-F53DCD6FFA10}.Debug|Any CPU.Build.0 = Debug|Any CPU
		{8AAA9AB7-9B20-478E-8C87-F53DCD6FFA10}.Debug|ARM64.ActiveCfg = Debug|Any CPU
		{8AAA9AB7-9B20-478E-8C87-F53DCD6FFA10}.Debug|ARM64.Build.0 = Debug|Any CPU
		{8AAA9AB7-9B20-478E-8C87-F53DCD6FFA10}.Debug|x64.ActiveCfg = Debug|Any CPU
		{8AAA9AB7-9B20-478E-8C87-F53DCD6FFA10}.Debug|x64.Build.0 = Debug|Any CPU
		{8AAA9AB7-9B20-478E-8C87-F53DCD6FFA10}.Debug|x86.ActiveCfg = Debug|Any CPU
		{8AAA9AB7-9B20-478E-8C87-F53DCD6FFA10}.Debug|x86.Build.0 = Debug|Any CPU
		{8AAA9AB7-9B20-478E-8C87-F53DCD6FFA10}.Release|Any CPU.ActiveCfg = Release|Any CPU
		{8AAA9AB7-9B20-478E-8C87-F53DCD6FFA10}.Release|Any CPU.Build.0 = Release|Any CPU
		{8AAA9AB7-9B20-478E-8C87-F53DCD6FFA10}.Release|ARM64.ActiveCfg = Release|Any CPU
		{8AAA9AB7-9B20-478E-8C87-F53DCD6FFA10}.Release|ARM64.Build.0 = Release|Any CPU
		{8AAA9AB7-9B20-478E-8C87-F53DCD6FFA10}.Release|x64.ActiveCfg = Release|Any CPU
		{8AAA9AB7-9B20-478E-8C87-F53DCD6FFA10}.Release|x64.Build.0 = Release|Any CPU
		{8AAA9AB7-9B20-478E-8C87-F53DCD6FFA10}.Release|x86.ActiveCfg = Release|Any CPU
		{8AAA9AB7-9B20-478E-8C87-F53DCD6FFA10}.Release|x86.Build.0 = Release|Any CPU
		{033580A1-96B1-400E-84F1-28D1954C6F38}.Debug|Any CPU.ActiveCfg = Debug|Any CPU
		{033580A1-96B1-400E-84F1-28D1954C6F38}.Debug|Any CPU.Build.0 = Debug|Any CPU
		{033580A1-96B1-400E-84F1-28D1954C6F38}.Debug|ARM64.ActiveCfg = Debug|Any CPU
		{033580A1-96B1-400E-84F1-28D1954C6F38}.Debug|ARM64.Build.0 = Debug|Any CPU
		{033580A1-96B1-400E-84F1-28D1954C6F38}.Debug|x64.ActiveCfg = Debug|Any CPU
		{033580A1-96B1-400E-84F1-28D1954C6F38}.Debug|x64.Build.0 = Debug|Any CPU
		{033580A1-96B1-400E-84F1-28D1954C6F38}.Debug|x86.ActiveCfg = Debug|Any CPU
		{033580A1-96B1-400E-84F1-28D1954C6F38}.Debug|x86.Build.0 = Debug|Any CPU
		{033580A1-96B1-400E-84F1-28D1954C6F38}.Release|Any CPU.ActiveCfg = Release|Any CPU
		{033580A1-96B1-400E-84F1-28D1954C6F38}.Release|Any CPU.Build.0 = Release|Any CPU
		{033580A1-96B1-400E-84F1-28D1954C6F38}.Release|ARM64.ActiveCfg = Release|Any CPU
		{033580A1-96B1-400E-84F1-28D1954C6F38}.Release|ARM64.Build.0 = Release|Any CPU
		{033580A1-96B1-400E-84F1-28D1954C6F38}.Release|x64.ActiveCfg = Release|Any CPU
		{033580A1-96B1-400E-84F1-28D1954C6F38}.Release|x64.Build.0 = Release|Any CPU
		{033580A1-96B1-400E-84F1-28D1954C6F38}.Release|x86.ActiveCfg = Release|Any CPU
		{033580A1-96B1-400E-84F1-28D1954C6F38}.Release|x86.Build.0 = Release|Any CPU
		{F74016DB-2D0C-4E2D-A696-6A0CD70499D1}.Debug|Any CPU.ActiveCfg = Debug|Any CPU
		{F74016DB-2D0C-4E2D-A696-6A0CD70499D1}.Debug|Any CPU.Build.0 = Debug|Any CPU
		{F74016DB-2D0C-4E2D-A696-6A0CD70499D1}.Debug|ARM64.ActiveCfg = Debug|Any CPU
		{F74016DB-2D0C-4E2D-A696-6A0CD70499D1}.Debug|ARM64.Build.0 = Debug|Any CPU
		{F74016DB-2D0C-4E2D-A696-6A0CD70499D1}.Debug|x64.ActiveCfg = Debug|Any CPU
		{F74016DB-2D0C-4E2D-A696-6A0CD70499D1}.Debug|x64.Build.0 = Debug|Any CPU
		{F74016DB-2D0C-4E2D-A696-6A0CD70499D1}.Debug|x86.ActiveCfg = Debug|Any CPU
		{F74016DB-2D0C-4E2D-A696-6A0CD70499D1}.Debug|x86.Build.0 = Debug|Any CPU
		{F74016DB-2D0C-4E2D-A696-6A0CD70499D1}.Release|Any CPU.ActiveCfg = Release|Any CPU
		{F74016DB-2D0C-4E2D-A696-6A0CD70499D1}.Release|Any CPU.Build.0 = Release|Any CPU
		{F74016DB-2D0C-4E2D-A696-6A0CD70499D1}.Release|ARM64.ActiveCfg = Release|Any CPU
		{F74016DB-2D0C-4E2D-A696-6A0CD70499D1}.Release|ARM64.Build.0 = Release|Any CPU
		{F74016DB-2D0C-4E2D-A696-6A0CD70499D1}.Release|x64.ActiveCfg = Release|Any CPU
		{F74016DB-2D0C-4E2D-A696-6A0CD70499D1}.Release|x64.Build.0 = Release|Any CPU
		{F74016DB-2D0C-4E2D-A696-6A0CD70499D1}.Release|x86.ActiveCfg = Release|Any CPU
		{F74016DB-2D0C-4E2D-A696-6A0CD70499D1}.Release|x86.Build.0 = Release|Any CPU
		{CA487117-379B-406C-A627-425D64BF75A9}.Debug|Any CPU.ActiveCfg = Debug|Any CPU
		{CA487117-379B-406C-A627-425D64BF75A9}.Debug|Any CPU.Build.0 = Debug|Any CPU
		{CA487117-379B-406C-A627-425D64BF75A9}.Debug|ARM64.ActiveCfg = Debug|Any CPU
		{CA487117-379B-406C-A627-425D64BF75A9}.Debug|ARM64.Build.0 = Debug|Any CPU
		{CA487117-379B-406C-A627-425D64BF75A9}.Debug|x64.ActiveCfg = Debug|Any CPU
		{CA487117-379B-406C-A627-425D64BF75A9}.Debug|x64.Build.0 = Debug|Any CPU
		{CA487117-379B-406C-A627-425D64BF75A9}.Debug|x86.ActiveCfg = Debug|Any CPU
		{CA487117-379B-406C-A627-425D64BF75A9}.Debug|x86.Build.0 = Debug|Any CPU
		{CA487117-379B-406C-A627-425D64BF75A9}.Release|Any CPU.ActiveCfg = Release|Any CPU
		{CA487117-379B-406C-A627-425D64BF75A9}.Release|Any CPU.Build.0 = Release|Any CPU
		{CA487117-379B-406C-A627-425D64BF75A9}.Release|ARM64.ActiveCfg = Release|Any CPU
		{CA487117-379B-406C-A627-425D64BF75A9}.Release|ARM64.Build.0 = Release|Any CPU
		{CA487117-379B-406C-A627-425D64BF75A9}.Release|x64.ActiveCfg = Release|Any CPU
		{CA487117-379B-406C-A627-425D64BF75A9}.Release|x64.Build.0 = Release|Any CPU
		{CA487117-379B-406C-A627-425D64BF75A9}.Release|x86.ActiveCfg = Release|Any CPU
		{CA487117-379B-406C-A627-425D64BF75A9}.Release|x86.Build.0 = Release|Any CPU
		{D950EB77-02D7-455A-A939-792284143F0A}.Debug|Any CPU.ActiveCfg = Debug|Any CPU
		{D950EB77-02D7-455A-A939-792284143F0A}.Debug|Any CPU.Build.0 = Debug|Any CPU
		{D950EB77-02D7-455A-A939-792284143F0A}.Debug|ARM64.ActiveCfg = Debug|Any CPU
		{D950EB77-02D7-455A-A939-792284143F0A}.Debug|ARM64.Build.0 = Debug|Any CPU
		{D950EB77-02D7-455A-A939-792284143F0A}.Debug|x64.ActiveCfg = Debug|Any CPU
		{D950EB77-02D7-455A-A939-792284143F0A}.Debug|x64.Build.0 = Debug|Any CPU
		{D950EB77-02D7-455A-A939-792284143F0A}.Debug|x86.ActiveCfg = Debug|Any CPU
		{D950EB77-02D7-455A-A939-792284143F0A}.Debug|x86.Build.0 = Debug|Any CPU
		{D950EB77-02D7-455A-A939-792284143F0A}.Release|Any CPU.ActiveCfg = Release|Any CPU
		{D950EB77-02D7-455A-A939-792284143F0A}.Release|Any CPU.Build.0 = Release|Any CPU
		{D950EB77-02D7-455A-A939-792284143F0A}.Release|ARM64.ActiveCfg = Release|Any CPU
		{D950EB77-02D7-455A-A939-792284143F0A}.Release|ARM64.Build.0 = Release|Any CPU
		{D950EB77-02D7-455A-A939-792284143F0A}.Release|x64.ActiveCfg = Release|Any CPU
		{D950EB77-02D7-455A-A939-792284143F0A}.Release|x64.Build.0 = Release|Any CPU
		{D950EB77-02D7-455A-A939-792284143F0A}.Release|x86.ActiveCfg = Release|Any CPU
		{D950EB77-02D7-455A-A939-792284143F0A}.Release|x86.Build.0 = Release|Any CPU
		{D49E40F8-E81B-4DAB-BCD4-48CC4EAAC86C}.Debug|Any CPU.ActiveCfg = Debug|Any CPU
		{D49E40F8-E81B-4DAB-BCD4-48CC4EAAC86C}.Debug|Any CPU.Build.0 = Debug|Any CPU
		{D49E40F8-E81B-4DAB-BCD4-48CC4EAAC86C}.Debug|ARM64.ActiveCfg = Debug|Any CPU
		{D49E40F8-E81B-4DAB-BCD4-48CC4EAAC86C}.Debug|ARM64.Build.0 = Debug|Any CPU
		{D49E40F8-E81B-4DAB-BCD4-48CC4EAAC86C}.Debug|x64.ActiveCfg = Debug|Any CPU
		{D49E40F8-E81B-4DAB-BCD4-48CC4EAAC86C}.Debug|x64.Build.0 = Debug|Any CPU
		{D49E40F8-E81B-4DAB-BCD4-48CC4EAAC86C}.Debug|x86.ActiveCfg = Debug|Any CPU
		{D49E40F8-E81B-4DAB-BCD4-48CC4EAAC86C}.Debug|x86.Build.0 = Debug|Any CPU
		{D49E40F8-E81B-4DAB-BCD4-48CC4EAAC86C}.Release|Any CPU.ActiveCfg = Release|Any CPU
		{D49E40F8-E81B-4DAB-BCD4-48CC4EAAC86C}.Release|Any CPU.Build.0 = Release|Any CPU
		{D49E40F8-E81B-4DAB-BCD4-48CC4EAAC86C}.Release|ARM64.ActiveCfg = Release|Any CPU
		{D49E40F8-E81B-4DAB-BCD4-48CC4EAAC86C}.Release|ARM64.Build.0 = Release|Any CPU
		{D49E40F8-E81B-4DAB-BCD4-48CC4EAAC86C}.Release|x64.ActiveCfg = Release|Any CPU
		{D49E40F8-E81B-4DAB-BCD4-48CC4EAAC86C}.Release|x64.Build.0 = Release|Any CPU
		{D49E40F8-E81B-4DAB-BCD4-48CC4EAAC86C}.Release|x86.ActiveCfg = Release|Any CPU
		{D49E40F8-E81B-4DAB-BCD4-48CC4EAAC86C}.Release|x86.Build.0 = Release|Any CPU
		{E0D1D6E2-3865-4D3E-A04F-824216405316}.Debug|Any CPU.ActiveCfg = Debug|Any CPU
		{E0D1D6E2-3865-4D3E-A04F-824216405316}.Debug|Any CPU.Build.0 = Debug|Any CPU
		{E0D1D6E2-3865-4D3E-A04F-824216405316}.Debug|ARM64.ActiveCfg = Debug|Any CPU
		{E0D1D6E2-3865-4D3E-A04F-824216405316}.Debug|ARM64.Build.0 = Debug|Any CPU
		{E0D1D6E2-3865-4D3E-A04F-824216405316}.Debug|x64.ActiveCfg = Debug|Any CPU
		{E0D1D6E2-3865-4D3E-A04F-824216405316}.Debug|x64.Build.0 = Debug|Any CPU
		{E0D1D6E2-3865-4D3E-A04F-824216405316}.Debug|x86.ActiveCfg = Debug|Any CPU
		{E0D1D6E2-3865-4D3E-A04F-824216405316}.Debug|x86.Build.0 = Debug|Any CPU
		{E0D1D6E2-3865-4D3E-A04F-824216405316}.Release|Any CPU.ActiveCfg = Release|Any CPU
		{E0D1D6E2-3865-4D3E-A04F-824216405316}.Release|Any CPU.Build.0 = Release|Any CPU
		{E0D1D6E2-3865-4D3E-A04F-824216405316}.Release|ARM64.ActiveCfg = Release|Any CPU
		{E0D1D6E2-3865-4D3E-A04F-824216405316}.Release|ARM64.Build.0 = Release|Any CPU
		{E0D1D6E2-3865-4D3E-A04F-824216405316}.Release|x64.ActiveCfg = Release|Any CPU
		{E0D1D6E2-3865-4D3E-A04F-824216405316}.Release|x64.Build.0 = Release|Any CPU
		{E0D1D6E2-3865-4D3E-A04F-824216405316}.Release|x86.ActiveCfg = Release|Any CPU
		{E0D1D6E2-3865-4D3E-A04F-824216405316}.Release|x86.Build.0 = Release|Any CPU
		{3FBCC029-512A-44A4-8EC3-DE50B68270A3}.Debug|Any CPU.ActiveCfg = Debug|Any CPU
		{3FBCC029-512A-44A4-8EC3-DE50B68270A3}.Debug|Any CPU.Build.0 = Debug|Any CPU
		{3FBCC029-512A-44A4-8EC3-DE50B68270A3}.Debug|ARM64.ActiveCfg = Debug|Any CPU
		{3FBCC029-512A-44A4-8EC3-DE50B68270A3}.Debug|ARM64.Build.0 = Debug|Any CPU
		{3FBCC029-512A-44A4-8EC3-DE50B68270A3}.Debug|x64.ActiveCfg = Debug|Any CPU
		{3FBCC029-512A-44A4-8EC3-DE50B68270A3}.Debug|x64.Build.0 = Debug|Any CPU
		{3FBCC029-512A-44A4-8EC3-DE50B68270A3}.Debug|x86.ActiveCfg = Debug|Any CPU
		{3FBCC029-512A-44A4-8EC3-DE50B68270A3}.Debug|x86.Build.0 = Debug|Any CPU
		{3FBCC029-512A-44A4-8EC3-DE50B68270A3}.Release|Any CPU.ActiveCfg = Release|Any CPU
		{3FBCC029-512A-44A4-8EC3-DE50B68270A3}.Release|Any CPU.Build.0 = Release|Any CPU
		{3FBCC029-512A-44A4-8EC3-DE50B68270A3}.Release|ARM64.ActiveCfg = Release|Any CPU
		{3FBCC029-512A-44A4-8EC3-DE50B68270A3}.Release|ARM64.Build.0 = Release|Any CPU
		{3FBCC029-512A-44A4-8EC3-DE50B68270A3}.Release|x64.ActiveCfg = Release|Any CPU
		{3FBCC029-512A-44A4-8EC3-DE50B68270A3}.Release|x64.Build.0 = Release|Any CPU
		{3FBCC029-512A-44A4-8EC3-DE50B68270A3}.Release|x86.ActiveCfg = Release|Any CPU
		{3FBCC029-512A-44A4-8EC3-DE50B68270A3}.Release|x86.Build.0 = Release|Any CPU
		{2F007561-365B-4AB3-B599-C81813F04B23}.Debug|Any CPU.ActiveCfg = Debug|Any CPU
		{2F007561-365B-4AB3-B599-C81813F04B23}.Debug|Any CPU.Build.0 = Debug|Any CPU
		{2F007561-365B-4AB3-B599-C81813F04B23}.Debug|ARM64.ActiveCfg = Debug|Any CPU
		{2F007561-365B-4AB3-B599-C81813F04B23}.Debug|ARM64.Build.0 = Debug|Any CPU
		{2F007561-365B-4AB3-B599-C81813F04B23}.Debug|x64.ActiveCfg = Debug|Any CPU
		{2F007561-365B-4AB3-B599-C81813F04B23}.Debug|x64.Build.0 = Debug|Any CPU
		{2F007561-365B-4AB3-B599-C81813F04B23}.Debug|x86.ActiveCfg = Debug|Any CPU
		{2F007561-365B-4AB3-B599-C81813F04B23}.Debug|x86.Build.0 = Debug|Any CPU
		{2F007561-365B-4AB3-B599-C81813F04B23}.Release|Any CPU.ActiveCfg = Release|Any CPU
		{2F007561-365B-4AB3-B599-C81813F04B23}.Release|Any CPU.Build.0 = Release|Any CPU
		{2F007561-365B-4AB3-B599-C81813F04B23}.Release|ARM64.ActiveCfg = Release|Any CPU
		{2F007561-365B-4AB3-B599-C81813F04B23}.Release|ARM64.Build.0 = Release|Any CPU
		{2F007561-365B-4AB3-B599-C81813F04B23}.Release|x64.ActiveCfg = Release|Any CPU
		{2F007561-365B-4AB3-B599-C81813F04B23}.Release|x64.Build.0 = Release|Any CPU
		{2F007561-365B-4AB3-B599-C81813F04B23}.Release|x86.ActiveCfg = Release|Any CPU
		{2F007561-365B-4AB3-B599-C81813F04B23}.Release|x86.Build.0 = Release|Any CPU
		{6A4C715A-B8FF-4269-BA1D-2C6494CD2C51}.Debug|Any CPU.ActiveCfg = Debug|Any CPU
		{6A4C715A-B8FF-4269-BA1D-2C6494CD2C51}.Debug|Any CPU.Build.0 = Debug|Any CPU
		{6A4C715A-B8FF-4269-BA1D-2C6494CD2C51}.Debug|ARM64.ActiveCfg = Debug|Any CPU
		{6A4C715A-B8FF-4269-BA1D-2C6494CD2C51}.Debug|ARM64.Build.0 = Debug|Any CPU
		{6A4C715A-B8FF-4269-BA1D-2C6494CD2C51}.Debug|x64.ActiveCfg = Debug|Any CPU
		{6A4C715A-B8FF-4269-BA1D-2C6494CD2C51}.Debug|x64.Build.0 = Debug|Any CPU
		{6A4C715A-B8FF-4269-BA1D-2C6494CD2C51}.Debug|x86.ActiveCfg = Debug|Any CPU
		{6A4C715A-B8FF-4269-BA1D-2C6494CD2C51}.Debug|x86.Build.0 = Debug|Any CPU
		{6A4C715A-B8FF-4269-BA1D-2C6494CD2C51}.Release|Any CPU.ActiveCfg = Release|Any CPU
		{6A4C715A-B8FF-4269-BA1D-2C6494CD2C51}.Release|Any CPU.Build.0 = Release|Any CPU
		{6A4C715A-B8FF-4269-BA1D-2C6494CD2C51}.Release|ARM64.ActiveCfg = Release|Any CPU
		{6A4C715A-B8FF-4269-BA1D-2C6494CD2C51}.Release|ARM64.Build.0 = Release|Any CPU
		{6A4C715A-B8FF-4269-BA1D-2C6494CD2C51}.Release|x64.ActiveCfg = Release|Any CPU
		{6A4C715A-B8FF-4269-BA1D-2C6494CD2C51}.Release|x64.Build.0 = Release|Any CPU
		{6A4C715A-B8FF-4269-BA1D-2C6494CD2C51}.Release|x86.ActiveCfg = Release|Any CPU
		{6A4C715A-B8FF-4269-BA1D-2C6494CD2C51}.Release|x86.Build.0 = Release|Any CPU
		{2BAE83C4-561C-41AC-AE80-2276A048BFFD}.Debug|Any CPU.ActiveCfg = Debug|Any CPU
		{2BAE83C4-561C-41AC-AE80-2276A048BFFD}.Debug|Any CPU.Build.0 = Debug|Any CPU
		{2BAE83C4-561C-41AC-AE80-2276A048BFFD}.Debug|ARM64.ActiveCfg = Debug|Any CPU
		{2BAE83C4-561C-41AC-AE80-2276A048BFFD}.Debug|ARM64.Build.0 = Debug|Any CPU
		{2BAE83C4-561C-41AC-AE80-2276A048BFFD}.Debug|x64.ActiveCfg = Debug|Any CPU
		{2BAE83C4-561C-41AC-AE80-2276A048BFFD}.Debug|x64.Build.0 = Debug|Any CPU
		{2BAE83C4-561C-41AC-AE80-2276A048BFFD}.Debug|x86.ActiveCfg = Debug|Any CPU
		{2BAE83C4-561C-41AC-AE80-2276A048BFFD}.Debug|x86.Build.0 = Debug|Any CPU
		{2BAE83C4-561C-41AC-AE80-2276A048BFFD}.Release|Any CPU.ActiveCfg = Release|Any CPU
		{2BAE83C4-561C-41AC-AE80-2276A048BFFD}.Release|Any CPU.Build.0 = Release|Any CPU
		{2BAE83C4-561C-41AC-AE80-2276A048BFFD}.Release|ARM64.ActiveCfg = Release|Any CPU
		{2BAE83C4-561C-41AC-AE80-2276A048BFFD}.Release|ARM64.Build.0 = Release|Any CPU
		{2BAE83C4-561C-41AC-AE80-2276A048BFFD}.Release|x64.ActiveCfg = Release|Any CPU
		{2BAE83C4-561C-41AC-AE80-2276A048BFFD}.Release|x64.Build.0 = Release|Any CPU
		{2BAE83C4-561C-41AC-AE80-2276A048BFFD}.Release|x86.ActiveCfg = Release|Any CPU
		{2BAE83C4-561C-41AC-AE80-2276A048BFFD}.Release|x86.Build.0 = Release|Any CPU
		{1B6AF40A-DB63-40D2-80C7-5AFD3469B3A0}.Debug|Any CPU.ActiveCfg = Debug|Any CPU
		{1B6AF40A-DB63-40D2-80C7-5AFD3469B3A0}.Debug|Any CPU.Build.0 = Debug|Any CPU
		{1B6AF40A-DB63-40D2-80C7-5AFD3469B3A0}.Debug|ARM64.ActiveCfg = Debug|Any CPU
		{1B6AF40A-DB63-40D2-80C7-5AFD3469B3A0}.Debug|ARM64.Build.0 = Debug|Any CPU
		{1B6AF40A-DB63-40D2-80C7-5AFD3469B3A0}.Debug|x64.ActiveCfg = Debug|Any CPU
		{1B6AF40A-DB63-40D2-80C7-5AFD3469B3A0}.Debug|x64.Build.0 = Debug|Any CPU
		{1B6AF40A-DB63-40D2-80C7-5AFD3469B3A0}.Debug|x86.ActiveCfg = Debug|Any CPU
		{1B6AF40A-DB63-40D2-80C7-5AFD3469B3A0}.Debug|x86.Build.0 = Debug|Any CPU
		{1B6AF40A-DB63-40D2-80C7-5AFD3469B3A0}.Release|Any CPU.ActiveCfg = Release|Any CPU
		{1B6AF40A-DB63-40D2-80C7-5AFD3469B3A0}.Release|Any CPU.Build.0 = Release|Any CPU
		{1B6AF40A-DB63-40D2-80C7-5AFD3469B3A0}.Release|ARM64.ActiveCfg = Release|Any CPU
		{1B6AF40A-DB63-40D2-80C7-5AFD3469B3A0}.Release|ARM64.Build.0 = Release|Any CPU
		{1B6AF40A-DB63-40D2-80C7-5AFD3469B3A0}.Release|x64.ActiveCfg = Release|Any CPU
		{1B6AF40A-DB63-40D2-80C7-5AFD3469B3A0}.Release|x64.Build.0 = Release|Any CPU
		{1B6AF40A-DB63-40D2-80C7-5AFD3469B3A0}.Release|x86.ActiveCfg = Release|Any CPU
		{1B6AF40A-DB63-40D2-80C7-5AFD3469B3A0}.Release|x86.Build.0 = Release|Any CPU
	EndGlobalSection
	GlobalSection(SolutionProperties) = preSolution
		HideSolutionNode = FALSE
	EndGlobalSection
	GlobalSection(NestedProjects) = preSolution
		{5C767EA7-F0F8-46DB-ABAE-564CA48F4763} = {8BB4C4E1-0E14-46FD-9BF5-28D8A629A8E7}
		{32AA14DA-9D01-4524-9080-A0C909F7197E} = {8BB4C4E1-0E14-46FD-9BF5-28D8A629A8E7}
		{AC6A8257-5B31-4E52-BE83-BAC199C1CEC4} = {4743D69C-2D08-44CE-93DE-D00692C18D82}
		{08D3C886-FB48-4089-A2CB-596E851EB008} = {4743D69C-2D08-44CE-93DE-D00692C18D82}
		{782049B6-1C4F-4CD3-937A-6A8117C3B933} = {4743D69C-2D08-44CE-93DE-D00692C18D82}
		{BE98BE3C-64A9-4D44-BF71-2FA9378F0C8A} = {4743D69C-2D08-44CE-93DE-D00692C18D82}
		{3AA980B4-2DE9-4067-BA64-8D130155C8A4} = {0C2683F4-FE4F-42F8-81CD-C4A8F205250D}
		{8DB56D1B-DC7F-4B06-8F2D-341305DE37FB} = {0C2683F4-FE4F-42F8-81CD-C4A8F205250D}
		{85636EB4-2902-470D-868A-7B58840C770C} = {4743D69C-2D08-44CE-93DE-D00692C18D82}
		{5B73BCF3-1DCA-4B50-9933-DB3A86859548} = {3AA980B4-2DE9-4067-BA64-8D130155C8A4}
		{E964041E-BE51-49FD-BC00-F110957126B8} = {8DB56D1B-DC7F-4B06-8F2D-341305DE37FB}
		{39AB1C15-8D6C-4039-8FF4-B25ADB5A1BA3} = {F04E87E1-835C-41FF-8B17-F488BCEC651A}
		{3EE02A16-E2C0-41C5-A6C7-BE9DD6A7672C} = {39AB1C15-8D6C-4039-8FF4-B25ADB5A1BA3}
		{8C8B8F45-52D2-456F-BCAE-60DA357D8137} = {39AB1C15-8D6C-4039-8FF4-B25ADB5A1BA3}
		{9E8DC0F0-9368-412A-8202-973AC083BE43} = {39AB1C15-8D6C-4039-8FF4-B25ADB5A1BA3}
		{D04EACFB-A7A1-4E80-8BF3-65E80AD5C9F1} = {39AB1C15-8D6C-4039-8FF4-B25ADB5A1BA3}
		{DFDA3343-DBDA-4264-BF27-A59617C389E8} = {39AB1C15-8D6C-4039-8FF4-B25ADB5A1BA3}
		{77B7E55C-33CB-4C5B-9DA1-0AE7261FA6A2} = {39AB1C15-8D6C-4039-8FF4-B25ADB5A1BA3}
		{D8DFB3E2-DB01-4196-8771-5F7219D3E377} = {39AB1C15-8D6C-4039-8FF4-B25ADB5A1BA3}
		{AB8091E8-88F6-43B5-84A2-DA5E1FCF4D76} = {39AB1C15-8D6C-4039-8FF4-B25ADB5A1BA3}
		{EE0D68D3-72B6-47B7-BCCC-16EC8DA9EA97} = {39AB1C15-8D6C-4039-8FF4-B25ADB5A1BA3}
		{C58F3137-5A48-4CF6-90B3-114D8917FA5B} = {F04E87E1-835C-41FF-8B17-F488BCEC651A}
		{9EAC8962-608A-49C1-A508-2F58B485169E} = {F04E87E1-835C-41FF-8B17-F488BCEC651A}
		{01450508-62ED-4553-BBAD-5B27214DF27C} = {F04E87E1-835C-41FF-8B17-F488BCEC651A}
		{1EA21895-49A0-4AFB-AFB6-A3486C7C38D8} = {F04E87E1-835C-41FF-8B17-F488BCEC651A}
		{DBE3AF9E-FCDA-4D7B-823D-AD8EACB52DB0} = {F04E87E1-835C-41FF-8B17-F488BCEC651A}
		{8AAA9AB7-9B20-478E-8C87-F53DCD6FFA10} = {F04E87E1-835C-41FF-8B17-F488BCEC651A}
		{033580A1-96B1-400E-84F1-28D1954C6F38} = {4743D69C-2D08-44CE-93DE-D00692C18D82}
		{F74016DB-2D0C-4E2D-A696-6A0CD70499D1} = {F04E87E1-835C-41FF-8B17-F488BCEC651A}
		{CA487117-379B-406C-A627-425D64BF75A9} = {920963F4-8205-4A1E-8ED3-9467B5D94794}
		{D950EB77-02D7-455A-A939-792284143F0A} = {A7DF5514-76E4-4F73-B40C-F1175E5B8B67}
		{D49E40F8-E81B-4DAB-BCD4-48CC4EAAC86C} = {F04E87E1-835C-41FF-8B17-F488BCEC651A}
		{E0D1D6E2-3865-4D3E-A04F-824216405316} = {39AB1C15-8D6C-4039-8FF4-B25ADB5A1BA3}
		{3FBCC029-512A-44A4-8EC3-DE50B68270A3} = {A7DF5514-76E4-4F73-B40C-F1175E5B8B67}
		{75F2277D-D989-416C-86AE-6396A0FD4CF1} = {0C2683F4-FE4F-42F8-81CD-C4A8F205250D}
		{2F007561-365B-4AB3-B599-C81813F04B23} = {75F2277D-D989-416C-86AE-6396A0FD4CF1}
		{6A4C715A-B8FF-4269-BA1D-2C6494CD2C51} = {4743D69C-2D08-44CE-93DE-D00692C18D82}
		{2BAE83C4-561C-41AC-AE80-2276A048BFFD} = {920963F4-8205-4A1E-8ED3-9467B5D94794}
		{1B6AF40A-DB63-40D2-80C7-5AFD3469B3A0} = {8BB4C4E1-0E14-46FD-9BF5-28D8A629A8E7}
	EndGlobalSection
	GlobalSection(ExtensibilityGlobals) = postSolution
		SolutionGuid = {93F9E2DF-0E8C-4BBD-8F98-7A5B2703D4D2}
	EndGlobalSection
EndGlobal
